PODS:
  - MobileCore (0.0.7.0):
    - MobileCore/Core (= 0.0.7.0)
    - MobileCore/CoreUI (= 0.0.7.0)
    - MobileCore/CoreUtility (= 0.0.7.0)
  - MobileCore/Core (0.0.7.0):
    - MobileCore/CoreUtility
  - MobileCore/CoreUI (0.0.7.0):
    - MobileCore/CoreUtility
  - MobileCore/CoreUtility (0.0.7.0)

DEPENDENCIES:
  - MobileCore (from `../`)

EXTERNAL SOURCES:
  MobileCore:
    :path: "../"

SPEC CHECKSUMS:
  MobileCore: 2de68e14525f0dc645eea30e29de2271475ad5c3

PODFILE CHECKSUM: 3d5648b554e69e5a502bdc5a361ae9591e212a05

COCOAPODS: 1.6.1
