{
  "object": {
    "pins": [
      {
        "package": "MobileTheme",
        "repositoryURL": "https://github.com/ppraveentr/MobileTheme.git",
        "state": {
          "branch": null,
          "revision": "8e321347fc520ea04d1fa6e49a0bd5765cc4f49b",
          "version": "1.2.0"
        }
      }
    ]
  },
  "version": 1
}
