// !$*UTF8*$!
{
	archiveVersion = 1;
	classes = {
	};
	objectVersion = 52;
	objects = {

/* Begin PBXBuildFile section */
		D428B74323616DDD00A5D96B /* SegmentCollectionView.swift in Sources */ = {isa = PBXBuildFile; fileRef = D428B74223616DDD00A5D96B /* SegmentCollectionView.swift */; };
		D44ACC7F236C67BF0093BF67 /* ContentViewController.swift in Sources */ = {isa = PBXBuildFile; fileRef = D44ACC7E236C67BF0093BF67 /* ContentViewController.swift */; };
		D44E56F92341CFAB00A0E56C /* UIKit.framework in Frameworks */ = {isa = PBXBuildFile; fileRef = D44E56F82341CFAB00A0E56C /* UIKit.framework */; };
		D49FE3182345D45A002B3742 /* SampleTableViewController.swift in Sources */ = {isa = PBXBuildFile; fileRef = D49FE3162345D459002B3742 /* SampleTableViewController.swift */; };
		D49FE3192345D45A002B3742 /* ViewController.swift in Sources */ = {isa = PBXBuildFile; fileRef = D49FE3172345D459002B3742 /* ViewController.swift */; };
		DE2A6A3426A4199A001F1FF3 /* AppTheming in Frameworks */ = {isa = PBXBuildFile; productRef = DE2A6A3326A4199A001F1FF3 /* AppTheming */; };
		DE2A6A3626A4199A001F1FF3 /* CoreComponents in Frameworks */ = {isa = PBXBuildFile; productRef = DE2A6A3526A4199A001F1FF3 /* CoreComponents */; };
		DE2A6A3826A4199A001F1FF3 /* CoreUtility in Frameworks */ = {isa = PBXBuildFile; productRef = DE2A6A3726A4199A001F1FF3 /* CoreUtility */; };
		DE2A6A3A26A4199A001F1FF3 /* NetworkLayer in Frameworks */ = {isa = PBXBuildFile; productRef = DE2A6A3926A4199A001F1FF3 /* NetworkLayer */; };
		DE2A6A3C26A419A3001F1FF3 /* Foundation.framework in Frameworks */ = {isa = PBXBuildFile; fileRef = DE2A6A3B26A419A3001F1FF3 /* Foundation.framework */; };
		DE6F68FD269ADADE003F04C2 /* Themes.json in Resources */ = {isa = PBXBuildFile; fileRef = DE680BB01F2E038800A9F68C /* Themes.json */; };
		DE6F690F269ADEC7003F04C2 /* TestImage.png in Resources */ = {isa = PBXBuildFile; fileRef = DE6F690E269ADEC7003F04C2 /* TestImage.png */; };
		DE9221CD1EF28CDF000C8FC7 /* AppDelegate.swift in Sources */ = {isa = PBXBuildFile; fileRef = DE9221CC1EF28CDF000C8FC7 /* AppDelegate.swift */; };
		DE9221D21EF28CDF000C8FC7 /* Main.storyboard in Resources */ = {isa = PBXBuildFile; fileRef = DE9221D01EF28CDF000C8FC7 /* Main.storyboard */; };
		DE9221D41EF28CDF000C8FC7 /* Assets.xcassets in Resources */ = {isa = PBXBuildFile; fileRef = DE9221D31EF28CDF000C8FC7 /* Assets.xcassets */; };
		DE9221D71EF28CDF000C8FC7 /* LaunchScreen.storyboard in Resources */ = {isa = PBXBuildFile; fileRef = DE9221D51EF28CDF000C8FC7 /* LaunchScreen.storyboard */; };
		DEBDC8941EF4508900AC77A9 /* MobileCoreExample-Bridging-Header.h in Headers */ = {isa = PBXBuildFile; fileRef = DEBDC8931EF4508900AC77A9 /* MobileCoreExample-Bridging-Header.h */; settings = {ATTRIBUTES = (Public, ); }; };
		DEF68485269AE53E00215BFE /* TestImage.png in Resources */ = {isa = PBXBuildFile; fileRef = DE6F690E269ADEC7003F04C2 /* TestImage.png */; };
		DEF68486269AE53F00215BFE /* Themes.json in Resources */ = {isa = PBXBuildFile; fileRef = DE680BB01F2E038800A9F68C /* Themes.json */; };
/* End PBXBuildFile section */

/* Begin PBXContainerItemProxy section */
		D44E57032341D3B900A0E56C /* PBXContainerItemProxy */ = {
			isa = PBXContainerItemProxy;
			containerPortal = DE9221C11EF28CDF000C8FC7 /* Project object */;
			proxyType = 1;
			remoteGlobalIDString = DE9221C81EF28CDF000C8FC7;
			remoteInfo = FTMobileCoreSample;
		};
/* End PBXContainerItemProxy section */

/* Begin PBXCopyFilesBuildPhase section */
		DE1485561F10C09400A250A6 /* Embed Frameworks */ = {
			isa = PBXCopyFilesBuildPhase;
			buildActionMask = 12;
			dstPath = "";
			dstSubfolderSpec = 10;
			files = (
			);
			name = "Embed Frameworks";
			runOnlyForDeploymentPostprocessing = 0;
		};
/* End PBXCopyFilesBuildPhase section */

/* Begin PBXFileReference section */
		D405056F24AC6D8B00B2E096 /* MobileCoreExample.xctestplan */ = {isa = PBXFileReference; lastKnownFileType = text; path = MobileCoreExample.xctestplan; sourceTree = "<group>"; };
		D428B74223616DDD00A5D96B /* SegmentCollectionView.swift */ = {isa = PBXFileReference; fileEncoding = 4; lastKnownFileType = sourcecode.swift; path = SegmentCollectionView.swift; sourceTree = "<group>"; };
		D44ACC7E236C67BF0093BF67 /* ContentViewController.swift */ = {isa = PBXFileReference; lastKnownFileType = sourcecode.swift; path = ContentViewController.swift; sourceTree = "<group>"; };
		D44E56F82341CFAB00A0E56C /* UIKit.framework */ = {isa = PBXFileReference; lastKnownFileType = wrapper.framework; name = UIKit.framework; path = System/Library/Frameworks/UIKit.framework; sourceTree = SDKROOT; };
		D44E56FE2341D3B900A0E56C /* MobileCoreTests.xctest */ = {isa = PBXFileReference; explicitFileType = wrapper.cfbundle; includeInIndex = 0; path = MobileCoreTests.xctest; sourceTree = BUILT_PRODUCTS_DIR; };
		D44E57022341D3B900A0E56C /* Info.plist */ = {isa = PBXFileReference; lastKnownFileType = text.plist.xml; path = Info.plist; sourceTree = "<group>"; };
		D47590162317A68A00080D78 /* MobileCore.podspec */ = {isa = PBXFileReference; lastKnownFileType = text; name = MobileCore.podspec; path = ../MobileCore.podspec; sourceTree = "<group>"; };
		D47590172317A68A00080D78 /* _config.yml */ = {isa = PBXFileReference; lastKnownFileType = text; name = _config.yml; path = ../_config.yml; sourceTree = "<group>"; };
		D47590182317A68A00080D78 /* README.md */ = {isa = PBXFileReference; lastKnownFileType = net.daringfireball.markdown; name = README.md; path = ../README.md; sourceTree = "<group>"; };
		D49FE30F2345D2F1002B3742 /* .codecov.yml */ = {isa = PBXFileReference; lastKnownFileType = text; name = .codecov.yml; path = ../.codecov.yml; sourceTree = "<group>"; };
		D49FE3112345D2F1002B3742 /* .sonarcloud.properties */ = {isa = PBXFileReference; lastKnownFileType = text; name = .sonarcloud.properties; path = ../.sonarcloud.properties; sourceTree = "<group>"; };
		D49FE3132345D2FC002B3742 /* .gitignore */ = {isa = PBXFileReference; lastKnownFileType = text; name = .gitignore; path = ../.gitignore; sourceTree = "<group>"; };
		D49FE3162345D459002B3742 /* SampleTableViewController.swift */ = {isa = PBXFileReference; fileEncoding = 4; lastKnownFileType = sourcecode.swift; path = SampleTableViewController.swift; sourceTree = "<group>"; };
		D49FE3172345D459002B3742 /* ViewController.swift */ = {isa = PBXFileReference; fileEncoding = 4; lastKnownFileType = sourcecode.swift; path = ViewController.swift; sourceTree = "<group>"; };
		DE2A6A3B26A419A3001F1FF3 /* Foundation.framework */ = {isa = PBXFileReference; lastKnownFileType = wrapper.framework; name = Foundation.framework; path = System/Library/Frameworks/Foundation.framework; sourceTree = SDKROOT; };
		DE49A45526A3129E00A2A070 /* MobileCoreTests-Bridging-Header.h */ = {isa = PBXFileReference; fileEncoding = 4; lastKnownFileType = sourcecode.c.h; path = "MobileCoreTests-Bridging-Header.h"; sourceTree = "<group>"; };
		DE63A3A826A416BF003DE96D /* Package.swift */ = {isa = PBXFileReference; fileEncoding = 4; lastKnownFileType = sourcecode.swift; name = Package.swift; path = ../Package.swift; sourceTree = "<group>"; };
		DE63A3B326A41853003DE96D /* MobileCore */ = {isa = PBXFileReference; lastKnownFileType = folder; name = MobileCore; path = ..; sourceTree = "<group>"; };
		DE680BB01F2E038800A9F68C /* Themes.json */ = {isa = PBXFileReference; lastKnownFileType = text.json; path = Themes.json; sourceTree = "<group>"; };
		DE6F690E269ADEC7003F04C2 /* TestImage.png */ = {isa = PBXFileReference; lastKnownFileType = image.png; path = TestImage.png; sourceTree = "<group>"; };
		DE9221C91EF28CDF000C8FC7 /* MobileCoreExample.app */ = {isa = PBXFileReference; explicitFileType = wrapper.application; includeInIndex = 0; path = MobileCoreExample.app; sourceTree = BUILT_PRODUCTS_DIR; };
		DE9221CC1EF28CDF000C8FC7 /* AppDelegate.swift */ = {isa = PBXFileReference; lastKnownFileType = sourcecode.swift; path = AppDelegate.swift; sourceTree = "<group>"; };
		DE9221D11EF28CDF000C8FC7 /* Base */ = {isa = PBXFileReference; lastKnownFileType = file.storyboard; name = Base; path = Base.lproj/Main.storyboard; sourceTree = "<group>"; };
		DE9221D31EF28CDF000C8FC7 /* Assets.xcassets */ = {isa = PBXFileReference; lastKnownFileType = folder.assetcatalog; path = Assets.xcassets; sourceTree = "<group>"; };
		DE9221D61EF28CDF000C8FC7 /* Base */ = {isa = PBXFileReference; lastKnownFileType = file.storyboard; name = Base; path = Base.lproj/LaunchScreen.storyboard; sourceTree = "<group>"; };
		DE9221D81EF28CDF000C8FC7 /* Info.plist */ = {isa = PBXFileReference; lastKnownFileType = text.plist.xml; path = Info.plist; sourceTree = "<group>"; };
		DE9FF335269F406D0020E855 /* workflows */ = {isa = PBXFileReference; lastKnownFileType = folder; name = workflows; path = ../.github/workflows; sourceTree = "<group>"; };
		DE9FF336269F413C0020E855 /* Gemfile */ = {isa = PBXFileReference; lastKnownFileType = text; name = Gemfile; path = ../Gemfile; sourceTree = "<group>"; };
		DE9FF337269F414E0020E855 /* fastlane */ = {isa = PBXFileReference; lastKnownFileType = folder; name = fastlane; path = ../fastlane; sourceTree = "<group>"; };
		DEBDC8931EF4508900AC77A9 /* MobileCoreExample-Bridging-Header.h */ = {isa = PBXFileReference; fileEncoding = 4; lastKnownFileType = sourcecode.c.h; path = "MobileCoreExample-Bridging-Header.h"; sourceTree = "<group>"; };
		DEBDC8A21EF4520100AC77A9 /* MobileCoreExample.entitlements */ = {isa = PBXFileReference; lastKnownFileType = text.plist.entitlements; path = MobileCoreExample.entitlements; sourceTree = "<group>"; };
		DEF68499269AEE3A00215BFE /* .swiftlint.yml */ = {isa = PBXFileReference; lastKnownFileType = text.yaml; name = .swiftlint.yml; path = ../.swiftlint.yml; sourceTree = "<group>"; };
/* End PBXFileReference section */

/* Begin PBXFrameworksBuildPhase section */
		D44E56FB2341D3B900A0E56C /* Frameworks */ = {
			isa = PBXFrameworksBuildPhase;
			buildActionMask = 2147483647;
			files = (
			);
			runOnlyForDeploymentPostprocessing = 0;
		};
		DE9221C61EF28CDF000C8FC7 /* Frameworks */ = {
			isa = PBXFrameworksBuildPhase;
			buildActionMask = 2147483647;
			files = (
				DE2A6A3826A4199A001F1FF3 /* CoreUtility in Frameworks */,
				DE2A6A3C26A419A3001F1FF3 /* Foundation.framework in Frameworks */,
				DE2A6A3626A4199A001F1FF3 /* CoreComponents in Frameworks */,
				DE2A6A3A26A4199A001F1FF3 /* NetworkLayer in Frameworks */,
				D44E56F92341CFAB00A0E56C /* UIKit.framework in Frameworks */,
				DE2A6A3426A4199A001F1FF3 /* AppTheming in Frameworks */,
			);
			runOnlyForDeploymentPostprocessing = 0;
		};
/* End PBXFrameworksBuildPhase section */

/* Begin PBXGroup section */
		D421EA9A23428AED00FA0B7C /* Support Files */ = {
			isa = PBXGroup;
			children = (
				DE9221D31EF28CDF000C8FC7 /* Assets.xcassets */,
				DE9221D81EF28CDF000C8FC7 /* Info.plist */,
				DEBDC8931EF4508900AC77A9 /* MobileCoreExample-Bridging-Header.h */,
				D405056F24AC6D8B00B2E096 /* MobileCoreExample.xctestplan */,
				DEBDC8A21EF4520100AC77A9 /* MobileCoreExample.entitlements */,
			);
			name = "Support Files";
			sourceTree = "<group>";
		};
		D44E56FF2341D3B900A0E56C /* MobileCoreTests */ = {
			isa = PBXGroup;
			children = (
				DE49A45526A3129E00A2A070 /* MobileCoreTests-Bridging-Header.h */,
				D44E57022341D3B900A0E56C /* Info.plist */,
			);
			path = MobileCoreTests;
			sourceTree = "<group>";
		};
		D49FE30E2345D2A4002B3742 /* CI-CD Setup */ = {
			isa = PBXGroup;
			children = (
				DE63A3A826A416BF003DE96D /* Package.swift */,
				D47590162317A68A00080D78 /* MobileCore.podspec */,
				DE9FF336269F413C0020E855 /* Gemfile */,
				DE9FF337269F414E0020E855 /* fastlane */,
				DE9FF335269F406D0020E855 /* workflows */,
				D49FE3132345D2FC002B3742 /* .gitignore */,
				DEF68499269AEE3A00215BFE /* .swiftlint.yml */,
				D49FE30F2345D2F1002B3742 /* .codecov.yml */,
				D49FE3112345D2F1002B3742 /* .sonarcloud.properties */,
				D47590172317A68A00080D78 /* _config.yml */,
				D47590182317A68A00080D78 /* README.md */,
			);
			name = "CI-CD Setup";
			sourceTree = "<group>";
		};
		D49FE3152345D41E002B3742 /* Classes */ = {
			isa = PBXGroup;
			children = (
				D4E20D78235AD85000E4731A /* Views */,
				D49FE3162345D459002B3742 /* SampleTableViewController.swift */,
				D49FE3172345D459002B3742 /* ViewController.swift */,
				D44ACC7E236C67BF0093BF67 /* ContentViewController.swift */,
			);
			path = Classes;
			sourceTree = "<group>";
		};
		D4E20D78235AD85000E4731A /* Views */ = {
			isa = PBXGroup;
			children = (
				D428B74223616DDD00A5D96B /* SegmentCollectionView.swift */,
			);
			path = Views;
			sourceTree = "<group>";
		};
		DE2FB9191F3DF7A400581064 /* Frameworks */ = {
			isa = PBXGroup;
			children = (
				DE2A6A3B26A419A3001F1FF3 /* Foundation.framework */,
				D44E56F82341CFAB00A0E56C /* UIKit.framework */,
			);
			name = Frameworks;
			sourceTree = "<group>";
		};
		DE680BA11F2E02FF00A9F68C /* Resources */ = {
			isa = PBXGroup;
			children = (
				DE6F690E269ADEC7003F04C2 /* TestImage.png */,
				DE680BB01F2E038800A9F68C /* Themes.json */,
			);
			path = Resources;
			sourceTree = "<group>";
		};
		DE9221C01EF28CDF000C8FC7 = {
			isa = PBXGroup;
			children = (
				DE63A3B326A41853003DE96D /* MobileCore */,
				DE9221CB1EF28CDF000C8FC7 /* MobileCoreExample */,
				D44E56FF2341D3B900A0E56C /* MobileCoreTests */,
				DE9221CA1EF28CDF000C8FC7 /* Products */,
				D49FE30E2345D2A4002B3742 /* CI-CD Setup */,
				DE2FB9191F3DF7A400581064 /* Frameworks */,
			);
			sourceTree = "<group>";
		};
		DE9221CA1EF28CDF000C8FC7 /* Products */ = {
			isa = PBXGroup;
			children = (
				DE9221C91EF28CDF000C8FC7 /* MobileCoreExample.app */,
				D44E56FE2341D3B900A0E56C /* MobileCoreTests.xctest */,
			);
			name = Products;
			sourceTree = "<group>";
		};
		DE9221CB1EF28CDF000C8FC7 /* MobileCoreExample */ = {
			isa = PBXGroup;
			children = (
				D421EA9A23428AED00FA0B7C /* Support Files */,
				D49FE3152345D41E002B3742 /* Classes */,
				DE680BA11F2E02FF00A9F68C /* Resources */,
				DE9221CC1EF28CDF000C8FC7 /* AppDelegate.swift */,
				DE9221D01EF28CDF000C8FC7 /* Main.storyboard */,
				DE9221D51EF28CDF000C8FC7 /* LaunchScreen.storyboard */,
			);
			path = MobileCoreExample;
			sourceTree = "<group>";
		};
/* End PBXGroup section */

/* Begin PBXHeadersBuildPhase section */
		DEC55DE61EF2A16E00FAE024 /* Headers */ = {
			isa = PBXHeadersBuildPhase;
			buildActionMask = 2147483647;
			files = (
				DEBDC8941EF4508900AC77A9 /* MobileCoreExample-Bridging-Header.h in Headers */,
			);
			runOnlyForDeploymentPostprocessing = 0;
		};
/* End PBXHeadersBuildPhase section */

/* Begin PBXNativeTarget section */
		D44E56FD2341D3B900A0E56C /* MobileCoreTests */ = {
			isa = PBXNativeTarget;
			buildConfigurationList = D44E57052341D3B900A0E56C /* Build configuration list for PBXNativeTarget "MobileCoreTests" */;
			buildPhases = (
				D44E56FA2341D3B900A0E56C /* Sources */,
				D44E56FB2341D3B900A0E56C /* Frameworks */,
				D44E56FC2341D3B900A0E56C /* Resources */,
			);
			buildRules = (
			);
			dependencies = (
				D44E57042341D3B900A0E56C /* PBXTargetDependency */,
			);
			name = MobileCoreTests;
			productName = FTMobileCoreSampleTests;
			productReference = D44E56FE2341D3B900A0E56C /* MobileCoreTests.xctest */;
			productType = "com.apple.product-type.bundle.unit-test";
		};
		DE9221C81EF28CDF000C8FC7 /* MobileCoreExample */ = {
			isa = PBXNativeTarget;
			buildConfigurationList = DE9221DB1EF28CDF000C8FC7 /* Build configuration list for PBXNativeTarget "MobileCoreExample" */;
			buildPhases = (
				DE9221C51EF28CDF000C8FC7 /* Sources */,
				DE9221C61EF28CDF000C8FC7 /* Frameworks */,
				DE9221C71EF28CDF000C8FC7 /* Resources */,
				DEC55DE61EF2A16E00FAE024 /* Headers */,
				DE1485561F10C09400A250A6 /* Embed Frameworks */,
				D437653C230E8E5B004974CC /* swiftlint Run Script */,
			);
			buildRules = (
			);
			dependencies = (
			);
			name = MobileCoreExample;
			packageProductDependencies = (
				DE2A6A3326A4199A001F1FF3 /* AppTheming */,
				DE2A6A3526A4199A001F1FF3 /* CoreComponents */,
				DE2A6A3726A4199A001F1FF3 /* CoreUtility */,
				DE2A6A3926A4199A001F1FF3 /* NetworkLayer */,
			);
			productName = FTMobileCoreSample;
			productReference = DE9221C91EF28CDF000C8FC7 /* MobileCoreExample.app */;
			productType = "com.apple.product-type.application";
		};
/* End PBXNativeTarget section */

/* Begin PBXProject section */
		DE9221C11EF28CDF000C8FC7 /* Project object */ = {
			isa = PBXProject;
			attributes = {
				KnownAssetTags = (
					Bundle,
				);
				LastSwiftUpdateCheck = 1030;
				LastUpgradeCheck = 1220;
				ORGANIZATIONNAME = "Praveen Prabhakar";
				TargetAttributes = {
					D44E56FD2341D3B900A0E56C = {
						CreatedOnToolsVersion = 10.3;
						DevelopmentTeam = W6W48SVQX7;
						ProvisioningStyle = Automatic;
						TestTargetID = DE9221C81EF28CDF000C8FC7;
					};
					DE9221C81EF28CDF000C8FC7 = {
						CreatedOnToolsVersion = 8.3.2;
						DevelopmentTeam = W6W48SVQX7;
						LastSwiftMigration = 1020;
						ProvisioningStyle = Automatic;
						SystemCapabilities = {
							com.apple.DataProtection = {
								enabled = 1;
							};
						};
					};
				};
			};
			buildConfigurationList = DE9221C41EF28CDF000C8FC7 /* Build configuration list for PBXProject "MobileCoreExample" */;
			compatibilityVersion = "Xcode 3.2";
			developmentRegion = en;
			hasScannedForEncodings = 0;
			knownRegions = (
				en,
				Base,
			);
			mainGroup = DE9221C01EF28CDF000C8FC7;
			packageReferences = (
				DE2A6A3226A41980001F1FF3 /* XCRemoteSwiftPackageReference "MobileCore" */,
			);
			productRefGroup = DE9221CA1EF28CDF000C8FC7 /* Products */;
			projectDirPath = "";
			projectRoot = "";
			targets = (
				DE9221C81EF28CDF000C8FC7 /* MobileCoreExample */,
				D44E56FD2341D3B900A0E56C /* MobileCoreTests */,
			);
		};
/* End PBXProject section */

/* Begin PBXResourcesBuildPhase section */
		D44E56FC2341D3B900A0E56C /* Resources */ = {
			isa = PBXResourcesBuildPhase;
			buildActionMask = 2147483647;
			files = (
				DEF68485269AE53E00215BFE /* TestImage.png in Resources */,
				DEF68486269AE53F00215BFE /* Themes.json in Resources */,
			);
			runOnlyForDeploymentPostprocessing = 0;
		};
		DE9221C71EF28CDF000C8FC7 /* Resources */ = {
			isa = PBXResourcesBuildPhase;
			buildActionMask = 2147483647;
			files = (
				DE6F690F269ADEC7003F04C2 /* TestImage.png in Resources */,
				DE6F68FD269ADADE003F04C2 /* Themes.json in Resources */,
				DE9221D71EF28CDF000C8FC7 /* LaunchScreen.storyboard in Resources */,
				DE9221D41EF28CDF000C8FC7 /* Assets.xcassets in Resources */,
				DE9221D21EF28CDF000C8FC7 /* Main.storyboard in Resources */,
			);
			runOnlyForDeploymentPostprocessing = 0;
		};
/* End PBXResourcesBuildPhase section */

/* Begin PBXShellScriptBuildPhase section */
		D437653C230E8E5B004974CC /* swiftlint Run Script */ = {
			isa = PBXShellScriptBuildPhase;
			buildActionMask = 2147483647;
			files = (
			);
			inputFileListPaths = (
			);
			inputPaths = (
			);
			name = "swiftlint Run Script";
			outputFileListPaths = (
			);
			outputPaths = (
			);
			runOnlyForDeploymentPostprocessing = 0;
			shellPath = /bin/sh;
			shellScript = "if which swiftlint >/dev/null; then\n    cd ..\n    swiftlint\nelse\n    echo \"warning: SwiftLint not installed, download from https://github.com/realm/SwiftLint\"\nfi\n";
		};
/* End PBXShellScriptBuildPhase section */

/* Begin PBXSourcesBuildPhase section */
		D44E56FA2341D3B900A0E56C /* Sources */ = {
			isa = PBXSourcesBuildPhase;
			buildActionMask = 2147483647;
			files = (
			);
			runOnlyForDeploymentPostprocessing = 0;
		};
		DE9221C51EF28CDF000C8FC7 /* Sources */ = {
			isa = PBXSourcesBuildPhase;
			buildActionMask = 2147483647;
			files = (
				D49FE3182345D45A002B3742 /* SampleTableViewController.swift in Sources */,
				D49FE3192345D45A002B3742 /* ViewController.swift in Sources */,
				DE9221CD1EF28CDF000C8FC7 /* AppDelegate.swift in Sources */,
				D428B74323616DDD00A5D96B /* SegmentCollectionView.swift in Sources */,
				D44ACC7F236C67BF0093BF67 /* ContentViewController.swift in Sources */,
			);
			runOnlyForDeploymentPostprocessing = 0;
		};
/* End PBXSourcesBuildPhase section */

/* Begin PBXTargetDependency section */
		D44E57042341D3B900A0E56C /* PBXTargetDependency */ = {
			isa = PBXTargetDependency;
			target = DE9221C81EF28CDF000C8FC7 /* MobileCoreExample */;
			targetProxy = D44E57032341D3B900A0E56C /* PBXContainerItemProxy */;
		};
/* End PBXTargetDependency section */

/* Begin PBXVariantGroup section */
		DE9221D01EF28CDF000C8FC7 /* Main.storyboard */ = {
			isa = PBXVariantGroup;
			children = (
				DE9221D11EF28CDF000C8FC7 /* Base */,
			);
			name = Main.storyboard;
			sourceTree = "<group>";
		};
		DE9221D51EF28CDF000C8FC7 /* LaunchScreen.storyboard */ = {
			isa = PBXVariantGroup;
			children = (
				DE9221D61EF28CDF000C8FC7 /* Base */,
			);
			name = LaunchScreen.storyboard;
			sourceTree = "<group>";
		};
/* End PBXVariantGroup section */

/* Begin XCBuildConfiguration section */
		D44E57062341D3B900A0E56C /* Debug */ = {
			isa = XCBuildConfiguration;
			buildSettings = {
				BUNDLE_LOADER = "$(TEST_HOST)";
				CLANG_CXX_LANGUAGE_STANDARD = "gnu++14";
				CLANG_ENABLE_OBJC_WEAK = YES;
				CLANG_WARN_UNGUARDED_AVAILABILITY = YES_AGGRESSIVE;
				CODE_SIGN_IDENTITY = "iPhone Developer";
				"CODE_SIGN_IDENTITY[sdk=macosx*]" = "-";
				CODE_SIGN_STYLE = Automatic;
				DEVELOPMENT_TEAM = W6W48SVQX7;
				GCC_C_LANGUAGE_STANDARD = gnu11;
				INFOPLIST_FILE = MobileCoreTests/Info.plist;
				IPHONEOS_DEPLOYMENT_TARGET = 12.0;
				LD_RUNPATH_SEARCH_PATHS = (
					"$(inherited)",
					"@executable_path/Frameworks",
					"@loader_path/Frameworks",
				);
				MTL_ENABLE_DEBUG_INFO = INCLUDE_SOURCE;
				MTL_FAST_MATH = YES;
				OTHER_SWIFT_FLAGS = "$(inherited)";
				PRODUCT_BUNDLE_IDENTIFIER = com.ft.MobileCoreTests;
				PRODUCT_NAME = "$(TARGET_NAME)";
				SWIFT_OBJC_BRIDGING_HEADER = "$(SWIFT_MODULE_NAME)/$(SWIFT_MODULE_NAME)-Bridging-Header.h";
				SWIFT_VERSION = 5.0;
				TARGETED_DEVICE_FAMILY = "1,2";
				TEST_HOST = "$(BUILT_PRODUCTS_DIR)/MobileCoreExample.app/MobileCoreExample";
			};
			name = Debug;
		};
		D44E57072341D3B900A0E56C /* Release */ = {
			isa = XCBuildConfiguration;
			buildSettings = {
				BUNDLE_LOADER = "$(TEST_HOST)";
				CLANG_CXX_LANGUAGE_STANDARD = "gnu++14";
				CLANG_ENABLE_OBJC_WEAK = YES;
				CLANG_WARN_UNGUARDED_AVAILABILITY = YES_AGGRESSIVE;
				CODE_SIGN_IDENTITY = "iPhone Developer";
				"CODE_SIGN_IDENTITY[sdk=macosx*]" = "-";
				CODE_SIGN_STYLE = Automatic;
				DEVELOPMENT_TEAM = W6W48SVQX7;
				GCC_C_LANGUAGE_STANDARD = gnu11;
				INFOPLIST_FILE = MobileCoreTests/Info.plist;
				IPHONEOS_DEPLOYMENT_TARGET = 12.0;
				LD_RUNPATH_SEARCH_PATHS = (
					"$(inherited)",
					"@executable_path/Frameworks",
					"@loader_path/Frameworks",
				);
				MTL_FAST_MATH = YES;
				OTHER_SWIFT_FLAGS = "$(inherited)";
				PRODUCT_BUNDLE_IDENTIFIER = com.ft.MobileCoreTests;
				PRODUCT_NAME = "$(TARGET_NAME)";
				SWIFT_OBJC_BRIDGING_HEADER = "$(SWIFT_MODULE_NAME)/$(SWIFT_MODULE_NAME)-Bridging-Header.h";
				SWIFT_VERSION = 5.0;
				TARGETED_DEVICE_FAMILY = "1,2";
				TEST_HOST = "$(BUILT_PRODUCTS_DIR)/MobileCoreExample.app/MobileCoreExample";
			};
			name = Release;
		};
		DE9221D91EF28CDF000C8FC7 /* Debug */ = {
			isa = XCBuildConfiguration;
			buildSettings = {
				ALWAYS_SEARCH_USER_PATHS = NO;
				CLANG_ANALYZER_LOCALIZABILITY_NONLOCALIZED = YES;
				CLANG_ANALYZER_NONNULL = YES;
				CLANG_ANALYZER_NUMBER_OBJECT_CONVERSION = YES_AGGRESSIVE;
				CLANG_CXX_LANGUAGE_STANDARD = "gnu++0x";
				CLANG_CXX_LIBRARY = "libc++";
				CLANG_ENABLE_MODULES = YES;
				CLANG_ENABLE_OBJC_ARC = YES;
				CLANG_WARN_BLOCK_CAPTURE_AUTORELEASING = YES;
				CLANG_WARN_BOOL_CONVERSION = YES;
				CLANG_WARN_COMMA = YES;
				CLANG_WARN_CONSTANT_CONVERSION = YES;
				CLANG_WARN_DEPRECATED_OBJC_IMPLEMENTATIONS = YES;
				CLANG_WARN_DIRECT_OBJC_ISA_USAGE = YES_ERROR;
				CLANG_WARN_DOCUMENTATION_COMMENTS = YES;
				CLANG_WARN_EMPTY_BODY = YES;
				CLANG_WARN_ENUM_CONVERSION = YES;
				CLANG_WARN_INFINITE_RECURSION = YES;
				CLANG_WARN_INT_CONVERSION = YES;
				CLANG_WARN_NON_LITERAL_NULL_CONVERSION = YES;
				CLANG_WARN_OBJC_IMPLICIT_RETAIN_SELF = YES;
				CLANG_WARN_OBJC_LITERAL_CONVERSION = YES;
				CLANG_WARN_OBJC_ROOT_CLASS = YES_ERROR;
				CLANG_WARN_QUOTED_INCLUDE_IN_FRAMEWORK_HEADER = YES;
				CLANG_WARN_RANGE_LOOP_ANALYSIS = YES;
				CLANG_WARN_STRICT_PROTOTYPES = YES;
				CLANG_WARN_SUSPICIOUS_MOVE = YES;
				CLANG_WARN_UNREACHABLE_CODE = YES;
				CLANG_WARN__DUPLICATE_METHOD_MATCH = YES;
				"CODE_SIGN_IDENTITY[sdk=iphoneos*]" = "iPhone Developer";
				COPY_PHASE_STRIP = NO;
				DEBUG_INFORMATION_FORMAT = dwarf;
				ENABLE_STRICT_OBJC_MSGSEND = YES;
				ENABLE_TESTABILITY = YES;
				FRAMEWORK_SEARCH_PATHS = "";
				GCC_C_LANGUAGE_STANDARD = gnu99;
				GCC_DYNAMIC_NO_PIC = NO;
				GCC_NO_COMMON_BLOCKS = YES;
				GCC_OPTIMIZATION_LEVEL = 0;
				GCC_PREPROCESSOR_DEFINITIONS = (
					"DEBUG=1",
					"$(inherited)",
				);
				GCC_WARN_64_TO_32_BIT_CONVERSION = YES;
				GCC_WARN_ABOUT_RETURN_TYPE = YES_ERROR;
				GCC_WARN_UNDECLARED_SELECTOR = YES;
				GCC_WARN_UNINITIALIZED_AUTOS = YES_AGGRESSIVE;
				GCC_WARN_UNUSED_FUNCTION = YES;
				GCC_WARN_UNUSED_VARIABLE = YES;
				IPHONEOS_DEPLOYMENT_TARGET = 12.0;
				MTL_ENABLE_DEBUG_INFO = YES;
				ONLY_ACTIVE_ARCH = YES;
				OTHER_SWIFT_FLAGS = "-Onone";
				SDKROOT = iphoneos;
				SWIFT_ACTIVE_COMPILATION_CONDITIONS = DEBUG;
				SWIFT_OPTIMIZATION_LEVEL = "-Onone";
				SWIFT_TREAT_WARNINGS_AS_ERRORS = YES;
				SWIFT_VERSION = 5.0;
				TARGETED_DEVICE_FAMILY = "1,2";
			};
			name = Debug;
		};
		DE9221DA1EF28CDF000C8FC7 /* Release */ = {
			isa = XCBuildConfiguration;
			buildSettings = {
				ALWAYS_SEARCH_USER_PATHS = NO;
				CLANG_ANALYZER_LOCALIZABILITY_NONLOCALIZED = YES;
				CLANG_ANALYZER_NONNULL = YES;
				CLANG_ANALYZER_NUMBER_OBJECT_CONVERSION = YES_AGGRESSIVE;
				CLANG_CXX_LANGUAGE_STANDARD = "gnu++0x";
				CLANG_CXX_LIBRARY = "libc++";
				CLANG_ENABLE_MODULES = YES;
				CLANG_ENABLE_OBJC_ARC = YES;
				CLANG_WARN_BLOCK_CAPTURE_AUTORELEASING = YES;
				CLANG_WARN_BOOL_CONVERSION = YES;
				CLANG_WARN_COMMA = YES;
				CLANG_WARN_CONSTANT_CONVERSION = YES;
				CLANG_WARN_DEPRECATED_OBJC_IMPLEMENTATIONS = YES;
				CLANG_WARN_DIRECT_OBJC_ISA_USAGE = YES_ERROR;
				CLANG_WARN_DOCUMENTATION_COMMENTS = YES;
				CLANG_WARN_EMPTY_BODY = YES;
				CLANG_WARN_ENUM_CONVERSION = YES;
				CLANG_WARN_INFINITE_RECURSION = YES;
				CLANG_WARN_INT_CONVERSION = YES;
				CLANG_WARN_NON_LITERAL_NULL_CONVERSION = YES;
				CLANG_WARN_OBJC_IMPLICIT_RETAIN_SELF = YES;
				CLANG_WARN_OBJC_LITERAL_CONVERSION = YES;
				CLANG_WARN_OBJC_ROOT_CLASS = YES_ERROR;
				CLANG_WARN_QUOTED_INCLUDE_IN_FRAMEWORK_HEADER = YES;
				CLANG_WARN_RANGE_LOOP_ANALYSIS = YES;
				CLANG_WARN_STRICT_PROTOTYPES = YES;
				CLANG_WARN_SUSPICIOUS_MOVE = YES;
				CLANG_WARN_UNREACHABLE_CODE = YES;
				CLANG_WARN__DUPLICATE_METHOD_MATCH = YES;
				"CODE_SIGN_IDENTITY[sdk=iphoneos*]" = "iPhone Developer";
				COPY_PHASE_STRIP = NO;
				DEBUG_INFORMATION_FORMAT = "dwarf-with-dsym";
				ENABLE_NS_ASSERTIONS = NO;
				ENABLE_STRICT_OBJC_MSGSEND = YES;
				FRAMEWORK_SEARCH_PATHS = "";
				GCC_C_LANGUAGE_STANDARD = gnu99;
				GCC_NO_COMMON_BLOCKS = YES;
				GCC_WARN_64_TO_32_BIT_CONVERSION = YES;
				GCC_WARN_ABOUT_RETURN_TYPE = YES_ERROR;
				GCC_WARN_UNDECLARED_SELECTOR = YES;
				GCC_WARN_UNINITIALIZED_AUTOS = YES_AGGRESSIVE;
				GCC_WARN_UNUSED_FUNCTION = YES;
				GCC_WARN_UNUSED_VARIABLE = YES;
				IPHONEOS_DEPLOYMENT_TARGET = 12.0;
				MTL_ENABLE_DEBUG_INFO = NO;
				OTHER_SWIFT_FLAGS = "";
				SDKROOT = iphoneos;
				SWIFT_COMPILATION_MODE = wholemodule;
				SWIFT_OPTIMIZATION_LEVEL = "-O";
				SWIFT_TREAT_WARNINGS_AS_ERRORS = YES;
				SWIFT_VERSION = 5.0;
				TARGETED_DEVICE_FAMILY = "1,2";
				VALIDATE_PRODUCT = YES;
			};
			name = Release;
		};
		DE9221DC1EF28CDF000C8FC7 /* Debug */ = {
			isa = XCBuildConfiguration;
			buildSettings = {
				ASSETCATALOG_COMPILER_APPICON_NAME = AppIcon;
				CLANG_ENABLE_MODULES = YES;
				CLANG_WARN_NON_LITERAL_NULL_CONVERSION = YES;
				CODE_SIGN_ENTITLEMENTS = "$(TARGET_NAME)/$(TARGET_NAME).entitlements";
				CODE_SIGN_IDENTITY = "iPhone Developer";
				CODE_SIGN_STYLE = Automatic;
				DEVELOPMENT_ASSET_PATHS = "MobileCoreExample/Resources/Themes.json MobileCoreExample/Assets.xcassets";
				DEVELOPMENT_TEAM = W6W48SVQX7;
				FRAMEWORK_SEARCH_PATHS = "$(inherited)";
				INFOPLIST_FILE = "$(TARGET_NAME)/Info.plist";
				IPHONEOS_DEPLOYMENT_TARGET = 12.0;
				LD_RUNPATH_SEARCH_PATHS = (
					"$(inherited)",
					"@executable_path/Frameworks",
				);
				MARKETING_VERSION = 0.1.2;
				OTHER_SWIFT_FLAGS = "$(inherited)";
				PRODUCT_BUNDLE_IDENTIFIER = "com.ft.$(TARGET_NAME)";
				PRODUCT_NAME = "$(TARGET_NAME)";
				PROVISIONING_PROFILE_SPECIFIER = "";
				SWIFT_ACTIVE_COMPILATION_CONDITIONS = "DEBUG -warn-long-expression-type-checking=300";
				SWIFT_OBJC_BRIDGING_HEADER = "$(SWIFT_MODULE_NAME)/$(SWIFT_MODULE_NAME)-Bridging-Header.h";
				SWIFT_OPTIMIZATION_LEVEL = "-Onone";
				SWIFT_TREAT_WARNINGS_AS_ERRORS = NO;
				SWIFT_VERSION = 5.0;
			};
			name = Debug;
		};
		DE9221DD1EF28CDF000C8FC7 /* Release */ = {
			isa = XCBuildConfiguration;
			buildSettings = {
				ASSETCATALOG_COMPILER_APPICON_NAME = AppIcon;
				CLANG_ENABLE_MODULES = YES;
				CLANG_WARN_NON_LITERAL_NULL_CONVERSION = YES;
				CODE_SIGN_ENTITLEMENTS = "$(TARGET_NAME)/$(TARGET_NAME).entitlements";
				CODE_SIGN_IDENTITY = "iPhone Developer";
				CODE_SIGN_STYLE = Automatic;
				DEVELOPMENT_ASSET_PATHS = "MobileCoreExample/Resources/Themes.json MobileCoreExample/Assets.xcassets";
				DEVELOPMENT_TEAM = W6W48SVQX7;
				FRAMEWORK_SEARCH_PATHS = "$(inherited)";
				INFOPLIST_FILE = "$(TARGET_NAME)/Info.plist";
				IPHONEOS_DEPLOYMENT_TARGET = 12.0;
				LD_RUNPATH_SEARCH_PATHS = (
					"$(inherited)",
					"@executable_path/Frameworks",
				);
				MARKETING_VERSION = 0.1.2;
				OTHER_SWIFT_FLAGS = "$(inherited) -D";
				PRODUCT_BUNDLE_IDENTIFIER = "com.ft.$(TARGET_NAME)";
				PRODUCT_NAME = "$(TARGET_NAME)";
				PROVISIONING_PROFILE_SPECIFIER = "";
				SWIFT_OBJC_BRIDGING_HEADER = "$(SWIFT_MODULE_NAME)/$(SWIFT_MODULE_NAME)-Bridging-Header.h";
				SWIFT_TREAT_WARNINGS_AS_ERRORS = NO;
				SWIFT_VERSION = 5.0;
			};
			name = Release;
		};
/* End XCBuildConfiguration section */

/* Begin XCConfigurationList section */
		D44E57052341D3B900A0E56C /* Build configuration list for PBXNativeTarget "MobileCoreTests" */ = {
			isa = XCConfigurationList;
			buildConfigurations = (
				D44E57062341D3B900A0E56C /* Debug */,
				D44E57072341D3B900A0E56C /* Release */,
			);
			defaultConfigurationIsVisible = 0;
			defaultConfigurationName = Release;
		};
		DE9221C41EF28CDF000C8FC7 /* Build configuration list for PBXProject "MobileCoreExample" */ = {
			isa = XCConfigurationList;
			buildConfigurations = (
				DE9221D91EF28CDF000C8FC7 /* Debug */,
				DE9221DA1EF28CDF000C8FC7 /* Release */,
			);
			defaultConfigurationIsVisible = 0;
			defaultConfigurationName = Release;
		};
		DE9221DB1EF28CDF000C8FC7 /* Build configuration list for PBXNativeTarget "MobileCoreExample" */ = {
			isa = XCConfigurationList;
			buildConfigurations = (
				DE9221DC1EF28CDF000C8FC7 /* Debug */,
				DE9221DD1EF28CDF000C8FC7 /* Release */,
			);
			defaultConfigurationIsVisible = 0;
			defaultConfigurationName = Release;
		};
/* End XCConfigurationList section */

/* Begin XCRemoteSwiftPackageReference section */
		DE2A6A3226A41980001F1FF3 /* XCRemoteSwiftPackageReference "MobileCore" */ = {
			isa = XCRemoteSwiftPackageReference;
			repositoryURL = "https://github.com/ppraveentr/MobileCore.git";
			requirement = {
				branch = master;
				kind = branch;
			};
		};
/* End XCRemoteSwiftPackageReference section */

/* Begin XCSwiftPackageProductDependency section */
		DE2A6A3326A4199A001F1FF3 /* AppTheming */ = {
			isa = XCSwiftPackageProductDependency;
			productName = AppTheming;
		};
		DE2A6A3526A4199A001F1FF3 /* CoreComponents */ = {
			isa = XCSwiftPackageProductDependency;
			productName = CoreComponents;
		};
		DE2A6A3726A4199A001F1FF3 /* CoreUtility */ = {
			isa = XCSwiftPackageProductDependency;
			productName = CoreUtility;
		};
		DE2A6A3926A4199A001F1FF3 /* NetworkLayer */ = {
			isa = XCSwiftPackageProductDependency;
			productName = NetworkLayer;
		};
/* End XCSwiftPackageProductDependency section */
	};
	rootObject = DE9221C11EF28CDF000C8FC7 /* Project object */;
}
