// !$*UTF8*$!
{
	archiveVersion = 1;
	classes = {
	};
	objectVersion = 46;
	objects = {

/* Begin PBXBuildFile section */
		DE098AB71F36375500675878 /* FTReflection.swift in Sources */ = {isa = PBXBuildFile; fileRef = DE098AB61F36375500675878 /* FTReflection.swift */; };
		DE098ACF1F37659000675878 /* FTUILabel.swift in Sources */ = {isa = PBXBuildFile; fileRef = DE098ACC1F37659000675878 /* FTUILabel.swift */; };
		DE098AD01F37659000675878 /* FTUIView.swift in Sources */ = {isa = PBXBuildFile; fileRef = DE098ACD1F37659000675878 /* FTUIView.swift */; };
		DE4383A91F4B0960003DF8A7 /* FTImageView.swift in Sources */ = {isa = PBXBuildFile; fileRef = DE4383A81F4B0960003DF8A7 /* FTImageView.swift */; };
		DE680B1D1F2BBD9500A9F68C /* FTCoreUtility.framework in Frameworks */ = {isa = PBXBuildFile; fileRef = DE680B131F2BBD9500A9F68C /* FTCoreUtility.framework */; };
		DE680B221F2BBD9500A9F68C /* FTCoreUtilityTests.swift in Sources */ = {isa = PBXBuildFile; fileRef = DE680B211F2BBD9500A9F68C /* FTCoreUtilityTests.swift */; };
		DE680B241F2BBD9500A9F68C /* FTCoreUtility.h in Headers */ = {isa = PBXBuildFile; fileRef = DE680B161F2BBD9500A9F68C /* FTCoreUtility.h */; settings = {ATTRIBUTES = (Public, ); }; };
		DE680B681F2BC18900A9F68C /* FTString.swift in Sources */ = {isa = PBXBuildFile; fileRef = DE680B661F2BC18900A9F68C /* FTString.swift */; };
		DE680B6B1F2BC19D00A9F68C /* FTClass.swift in Sources */ = {isa = PBXBuildFile; fileRef = DE680B6A1F2BC19D00A9F68C /* FTClass.swift */; };
		DE680B6D1F2BC1A800A9F68C /* FTLinkDetection.swift in Sources */ = {isa = PBXBuildFile; fileRef = DE680B6C1F2BC1A800A9F68C /* FTLinkDetection.swift */; };
		DE680B701F2BC1CF00A9F68C /* FTViewExtention.swift in Sources */ = {isa = PBXBuildFile; fileRef = DE680B6F1F2BC1CF00A9F68C /* FTViewExtention.swift */; };
		DE680B721F2BC1EB00A9F68C /* FTViewConstrains.swift in Sources */ = {isa = PBXBuildFile; fileRef = DE680B711F2BC1EB00A9F68C /* FTViewConstrains.swift */; };
		DE680B751F2BC22B00A9F68C /* FTRect.swift in Sources */ = {isa = PBXBuildFile; fileRef = DE680B741F2BC22B00A9F68C /* FTRect.swift */; };
		DE680B991F2CF5A600A9F68C /* FTThemesManager.swift in Sources */ = {isa = PBXBuildFile; fileRef = DE680B981F2CF5A600A9F68C /* FTThemesManager.swift */; };
		DE680B9B1F2CF86500A9F68C /* FTAssociatedObject.swift in Sources */ = {isa = PBXBuildFile; fileRef = DE680B9A1F2CF86500A9F68C /* FTAssociatedObject.swift */; };
		DE680B9E1F2D067900A9F68C /* FTAppDelegate.swift in Sources */ = {isa = PBXBuildFile; fileRef = DE680B9D1F2D067900A9F68C /* FTAppDelegate.swift */; };
		DE680BB91F2E548F00A9F68C /* FTThemesTests.swift in Sources */ = {isa = PBXBuildFile; fileRef = DE680BB81F2E548F00A9F68C /* FTThemesTests.swift */; };
		DE680BC41F30C12900A9F68C /* FTDictionary.swift in Sources */ = {isa = PBXBuildFile; fileRef = DE680BC31F30C12900A9F68C /* FTDictionary.swift */; };
		DE680BC61F30ED9C00A9F68C /* FTColor.swift in Sources */ = {isa = PBXBuildFile; fileRef = DE680BC51F30ED9C00A9F68C /* FTColor.swift */; };
		DE6C7929207E61250011F027 /* FTData.swift in Sources */ = {isa = PBXBuildFile; fileRef = DE6C7928207E61250011F027 /* FTData.swift */; };
		DE9411B01F56557200938DA6 /* FTAppearanceManager.swift in Sources */ = {isa = PBXBuildFile; fileRef = DE9411AF1F56557200938DA6 /* FTAppearanceManager.swift */; };
		DE9854241F47168E001AFF89 /* FTUITabBar.swift in Sources */ = {isa = PBXBuildFile; fileRef = DE9854231F47168E001AFF89 /* FTUITabBar.swift */; };
		DE9854261F4717DF001AFF89 /* FTUIButton.swift in Sources */ = {isa = PBXBuildFile; fileRef = DE9854251F4717DF001AFF89 /* FTUIButton.swift */; };
		DEA0DB3C1F36028D00D9AFA8 /* FTThemeView+Utility.swift in Sources */ = {isa = PBXBuildFile; fileRef = DEA0DB3B1F36028D00D9AFA8 /* FTThemeView+Utility.swift */; };
		DEA1ED661F698BCC001AA3C6 /* FTImage.swift in Sources */ = {isa = PBXBuildFile; fileRef = DEA1ED651F698BCC001AA3C6 /* FTImage.swift */; };
		DEA1ED6D1F6CF233001AA3C6 /* FTUINavigationBar.swift in Sources */ = {isa = PBXBuildFile; fileRef = DEA1ED6C1F6CF233001AA3C6 /* FTUINavigationBar.swift */; };
		DEA7E12E1F48150B0002C148 /* FTViewControllerExtension.swift in Sources */ = {isa = PBXBuildFile; fileRef = DEA7E12D1F48150B0002C148 /* FTViewControllerExtension.swift */; };
		DEA7E1301F4816B20002C148 /* FTApplicationCoreUtility.swift in Sources */ = {isa = PBXBuildFile; fileRef = DEA7E12F1F4816B20002C148 /* FTApplicationCoreUtility.swift */; };
		DEA7E1321F48282E0002C148 /* FTMath.swift in Sources */ = {isa = PBXBuildFile; fileRef = DEA7E1311F48282E0002C148 /* FTMath.swift */; };
		DEF9A7C8205AD33A00617FBF /* FTSequence.swift in Sources */ = {isa = PBXBuildFile; fileRef = DEF9A7C7205AD33A00617FBF /* FTSequence.swift */; };
/* End PBXBuildFile section */

/* Begin PBXContainerItemProxy section */
		DE680B1E1F2BBD9500A9F68C /* PBXContainerItemProxy */ = {
			isa = PBXContainerItemProxy;
			containerPortal = DE680B0A1F2BBD9500A9F68C /* Project object */;
			proxyType = 1;
			remoteGlobalIDString = DE680B121F2BBD9500A9F68C;
			remoteInfo = FTCoreUtility;
		};
/* End PBXContainerItemProxy section */

/* Begin PBXCopyFilesBuildPhase section */
		DE680B571F2BBFE200A9F68C /* Embed Frameworks */ = {
			isa = PBXCopyFilesBuildPhase;
			buildActionMask = 2147483647;
			dstPath = "";
			dstSubfolderSpec = 10;
			files = (
			);
			name = "Embed Frameworks";
			runOnlyForDeploymentPostprocessing = 0;
		};
/* End PBXCopyFilesBuildPhase section */

/* Begin PBXFileReference section */
		DE098AB61F36375500675878 /* FTReflection.swift */ = {isa = PBXFileReference; fileEncoding = 4; lastKnownFileType = sourcecode.swift; path = FTReflection.swift; sourceTree = "<group>"; };
		DE098ACC1F37659000675878 /* FTUILabel.swift */ = {isa = PBXFileReference; fileEncoding = 4; lastKnownFileType = sourcecode.swift; path = FTUILabel.swift; sourceTree = "<group>"; };
		DE098ACD1F37659000675878 /* FTUIView.swift */ = {isa = PBXFileReference; fileEncoding = 4; lastKnownFileType = sourcecode.swift; path = FTUIView.swift; sourceTree = "<group>"; };
		DE4383A81F4B0960003DF8A7 /* FTImageView.swift */ = {isa = PBXFileReference; fileEncoding = 4; lastKnownFileType = sourcecode.swift; path = FTImageView.swift; sourceTree = "<group>"; };
		DE680B131F2BBD9500A9F68C /* FTCoreUtility.framework */ = {isa = PBXFileReference; explicitFileType = wrapper.framework; includeInIndex = 0; path = FTCoreUtility.framework; sourceTree = BUILT_PRODUCTS_DIR; };
		DE680B161F2BBD9500A9F68C /* FTCoreUtility.h */ = {isa = PBXFileReference; lastKnownFileType = sourcecode.c.h; path = FTCoreUtility.h; sourceTree = "<group>"; };
		DE680B171F2BBD9500A9F68C /* Info.plist */ = {isa = PBXFileReference; lastKnownFileType = text.plist.xml; path = Info.plist; sourceTree = "<group>"; };
		DE680B1C1F2BBD9500A9F68C /* FTCoreUtilityTests.xctest */ = {isa = PBXFileReference; explicitFileType = wrapper.cfbundle; includeInIndex = 0; path = FTCoreUtilityTests.xctest; sourceTree = BUILT_PRODUCTS_DIR; };
		DE680B211F2BBD9500A9F68C /* FTCoreUtilityTests.swift */ = {isa = PBXFileReference; lastKnownFileType = sourcecode.swift; path = FTCoreUtilityTests.swift; sourceTree = "<group>"; };
		DE680B231F2BBD9500A9F68C /* Info.plist */ = {isa = PBXFileReference; lastKnownFileType = text.plist.xml; path = Info.plist; sourceTree = "<group>"; };
		DE680B661F2BC18900A9F68C /* FTString.swift */ = {isa = PBXFileReference; fileEncoding = 4; lastKnownFileType = sourcecode.swift; path = FTString.swift; sourceTree = "<group>"; };
		DE680B6A1F2BC19D00A9F68C /* FTClass.swift */ = {isa = PBXFileReference; fileEncoding = 4; lastKnownFileType = sourcecode.swift; path = FTClass.swift; sourceTree = "<group>"; };
		DE680B6C1F2BC1A800A9F68C /* FTLinkDetection.swift */ = {isa = PBXFileReference; fileEncoding = 4; lastKnownFileType = sourcecode.swift; path = FTLinkDetection.swift; sourceTree = "<group>"; };
		DE680B6F1F2BC1CF00A9F68C /* FTViewExtention.swift */ = {isa = PBXFileReference; fileEncoding = 4; lastKnownFileType = sourcecode.swift; path = FTViewExtention.swift; sourceTree = "<group>"; };
		DE680B711F2BC1EB00A9F68C /* FTViewConstrains.swift */ = {isa = PBXFileReference; fileEncoding = 4; lastKnownFileType = sourcecode.swift; path = FTViewConstrains.swift; sourceTree = "<group>"; };
		DE680B741F2BC22B00A9F68C /* FTRect.swift */ = {isa = PBXFileReference; fileEncoding = 4; lastKnownFileType = sourcecode.swift; path = FTRect.swift; sourceTree = "<group>"; };
		DE680B981F2CF5A600A9F68C /* FTThemesManager.swift */ = {isa = PBXFileReference; fileEncoding = 4; lastKnownFileType = sourcecode.swift; path = FTThemesManager.swift; sourceTree = "<group>"; };
		DE680B9A1F2CF86500A9F68C /* FTAssociatedObject.swift */ = {isa = PBXFileReference; fileEncoding = 4; lastKnownFileType = sourcecode.swift; path = FTAssociatedObject.swift; sourceTree = "<group>"; };
		DE680B9D1F2D067900A9F68C /* FTAppDelegate.swift */ = {isa = PBXFileReference; fileEncoding = 4; lastKnownFileType = sourcecode.swift; path = FTAppDelegate.swift; sourceTree = "<group>"; };
		DE680BB81F2E548F00A9F68C /* FTThemesTests.swift */ = {isa = PBXFileReference; fileEncoding = 4; lastKnownFileType = sourcecode.swift; path = FTThemesTests.swift; sourceTree = "<group>"; };
		DE680BC31F30C12900A9F68C /* FTDictionary.swift */ = {isa = PBXFileReference; fileEncoding = 4; lastKnownFileType = sourcecode.swift; path = FTDictionary.swift; sourceTree = "<group>"; };
		DE680BC51F30ED9C00A9F68C /* FTColor.swift */ = {isa = PBXFileReference; fileEncoding = 4; lastKnownFileType = sourcecode.swift; path = FTColor.swift; sourceTree = "<group>"; };
		DE6C7928207E61250011F027 /* FTData.swift */ = {isa = PBXFileReference; lastKnownFileType = sourcecode.swift; path = FTData.swift; sourceTree = "<group>"; };
		DE9411AF1F56557200938DA6 /* FTAppearanceManager.swift */ = {isa = PBXFileReference; fileEncoding = 4; lastKnownFileType = sourcecode.swift; path = FTAppearanceManager.swift; sourceTree = "<group>"; };
		DE9854231F47168E001AFF89 /* FTUITabBar.swift */ = {isa = PBXFileReference; fileEncoding = 4; lastKnownFileType = sourcecode.swift; path = FTUITabBar.swift; sourceTree = "<group>"; };
		DE9854251F4717DF001AFF89 /* FTUIButton.swift */ = {isa = PBXFileReference; fileEncoding = 4; lastKnownFileType = sourcecode.swift; path = FTUIButton.swift; sourceTree = "<group>"; };
		DEA0DB3B1F36028D00D9AFA8 /* FTThemeView+Utility.swift */ = {isa = PBXFileReference; fileEncoding = 4; lastKnownFileType = sourcecode.swift; path = "FTThemeView+Utility.swift"; sourceTree = "<group>"; };
		DEA1ED651F698BCC001AA3C6 /* FTImage.swift */ = {isa = PBXFileReference; fileEncoding = 4; lastKnownFileType = sourcecode.swift; path = FTImage.swift; sourceTree = "<group>"; };
		DEA1ED6C1F6CF233001AA3C6 /* FTUINavigationBar.swift */ = {isa = PBXFileReference; fileEncoding = 4; lastKnownFileType = sourcecode.swift; path = FTUINavigationBar.swift; sourceTree = "<group>"; };
		DEA7E12D1F48150B0002C148 /* FTViewControllerExtension.swift */ = {isa = PBXFileReference; fileEncoding = 4; lastKnownFileType = sourcecode.swift; path = FTViewControllerExtension.swift; sourceTree = "<group>"; };
		DEA7E12F1F4816B20002C148 /* FTApplicationCoreUtility.swift */ = {isa = PBXFileReference; fileEncoding = 4; lastKnownFileType = sourcecode.swift; path = FTApplicationCoreUtility.swift; sourceTree = "<group>"; };
		DEA7E1311F48282E0002C148 /* FTMath.swift */ = {isa = PBXFileReference; fileEncoding = 4; lastKnownFileType = sourcecode.swift; path = FTMath.swift; sourceTree = "<group>"; };
		DEF9A7C7205AD33A00617FBF /* FTSequence.swift */ = {isa = PBXFileReference; lastKnownFileType = sourcecode.swift; path = FTSequence.swift; sourceTree = "<group>"; };
/* End PBXFileReference section */

/* Begin PBXFrameworksBuildPhase section */
		DE680B0F1F2BBD9500A9F68C /* Frameworks */ = {
			isa = PBXFrameworksBuildPhase;
			buildActionMask = 2147483647;
			files = (
			);
			runOnlyForDeploymentPostprocessing = 0;
		};
		DE680B191F2BBD9500A9F68C /* Frameworks */ = {
			isa = PBXFrameworksBuildPhase;
			buildActionMask = 2147483647;
			files = (
				DE680B1D1F2BBD9500A9F68C /* FTCoreUtility.framework in Frameworks */,
			);
			runOnlyForDeploymentPostprocessing = 0;
		};
/* End PBXFrameworksBuildPhase section */

/* Begin PBXGroup section */
		DE098ACE1F37659000675878 /* ThemeComponents */ = {
			isa = PBXGroup;
			children = (
				DE098ACC1F37659000675878 /* FTUILabel.swift */,
				DE098ACD1F37659000675878 /* FTUIView.swift */,
				DE9854231F47168E001AFF89 /* FTUITabBar.swift */,
				DE9854251F4717DF001AFF89 /* FTUIButton.swift */,
				DEA1ED6C1F6CF233001AA3C6 /* FTUINavigationBar.swift */,
			);
			path = ThemeComponents;
			sourceTree = "<group>";
		};
		DE680B091F2BBD9500A9F68C = {
			isa = PBXGroup;
			children = (
				DE680B151F2BBD9500A9F68C /* FTCoreUtility */,
				DE680B201F2BBD9500A9F68C /* FTCoreUtilityTests */,
				DE680B141F2BBD9500A9F68C /* Products */,
			);
			sourceTree = "<group>";
		};
		DE680B141F2BBD9500A9F68C /* Products */ = {
			isa = PBXGroup;
			children = (
				DE680B131F2BBD9500A9F68C /* FTCoreUtility.framework */,
				DE680B1C1F2BBD9500A9F68C /* FTCoreUtilityTests.xctest */,
			);
			name = Products;
			sourceTree = "<group>";
		};
		DE680B151F2BBD9500A9F68C /* FTCoreUtility */ = {
			isa = PBXGroup;
			children = (
				DE680B9C1F2D066500A9F68C /* AppBase */,
				DE680B971F2CF59700A9F68C /* Theam */,
				DE680B731F2BC22500A9F68C /* Generic */,
				DE680B6E1F2BC1C600A9F68C /* View */,
				DE680B691F2BC19D00A9F68C /* Class */,
				DE680B641F2BC18900A9F68C /* String */,
				DE680B161F2BBD9500A9F68C /* FTCoreUtility.h */,
				DE680B171F2BBD9500A9F68C /* Info.plist */,
			);
			path = FTCoreUtility;
			sourceTree = "<group>";
		};
		DE680B201F2BBD9500A9F68C /* FTCoreUtilityTests */ = {
			isa = PBXGroup;
			children = (
				DE680B231F2BBD9500A9F68C /* Info.plist */,
				DE680B211F2BBD9500A9F68C /* FTCoreUtilityTests.swift */,
				DE680BB81F2E548F00A9F68C /* FTThemesTests.swift */,
			);
			path = FTCoreUtilityTests;
			sourceTree = "<group>";
		};
		DE680B641F2BC18900A9F68C /* String */ = {
			isa = PBXGroup;
			children = (
				DE680B6C1F2BC1A800A9F68C /* FTLinkDetection.swift */,
				DE680B661F2BC18900A9F68C /* FTString.swift */,
				DE680BC31F30C12900A9F68C /* FTDictionary.swift */,
				DE6C7928207E61250011F027 /* FTData.swift */,
			);
			path = String;
			sourceTree = "<group>";
		};
		DE680B691F2BC19D00A9F68C /* Class */ = {
			isa = PBXGroup;
			children = (
				DE680B6A1F2BC19D00A9F68C /* FTClass.swift */,
				DE098AB61F36375500675878 /* FTReflection.swift */,
			);
			path = Class;
			sourceTree = "<group>";
		};
		DE680B6E1F2BC1C600A9F68C /* View */ = {
			isa = PBXGroup;
			children = (
				DE680B6F1F2BC1CF00A9F68C /* FTViewExtention.swift */,
				DE680B711F2BC1EB00A9F68C /* FTViewConstrains.swift */,
				DEA7E12D1F48150B0002C148 /* FTViewControllerExtension.swift */,
			);
			path = View;
			sourceTree = "<group>";
		};
		DE680B731F2BC22500A9F68C /* Generic */ = {
			isa = PBXGroup;
			children = (
				DE680B741F2BC22B00A9F68C /* FTRect.swift */,
				DE680B9A1F2CF86500A9F68C /* FTAssociatedObject.swift */,
				DE680BC51F30ED9C00A9F68C /* FTColor.swift */,
				DEA7E1311F48282E0002C148 /* FTMath.swift */,
				DE4383A81F4B0960003DF8A7 /* FTImageView.swift */,
				DEA1ED651F698BCC001AA3C6 /* FTImage.swift */,
				DEF9A7C7205AD33A00617FBF /* FTSequence.swift */,
			);
			path = Generic;
			sourceTree = "<group>";
		};
		DE680B971F2CF59700A9F68C /* Theam */ = {
			isa = PBXGroup;
			children = (
				DE098ACE1F37659000675878 /* ThemeComponents */,
				DE680B981F2CF5A600A9F68C /* FTThemesManager.swift */,
				DEA0DB3B1F36028D00D9AFA8 /* FTThemeView+Utility.swift */,
				DE9411AF1F56557200938DA6 /* FTAppearanceManager.swift */,
			);
			path = Theam;
			sourceTree = "<group>";
		};
		DE680B9C1F2D066500A9F68C /* AppBase */ = {
			isa = PBXGroup;
			children = (
				DE680B9D1F2D067900A9F68C /* FTAppDelegate.swift */,
				DEA7E12F1F4816B20002C148 /* FTApplicationCoreUtility.swift */,
			);
			path = AppBase;
			sourceTree = "<group>";
		};
/* End PBXGroup section */

/* Begin PBXHeadersBuildPhase section */
		DE680B101F2BBD9500A9F68C /* Headers */ = {
			isa = PBXHeadersBuildPhase;
			buildActionMask = 2147483647;
			files = (
				DE680B241F2BBD9500A9F68C /* FTCoreUtility.h in Headers */,
			);
			runOnlyForDeploymentPostprocessing = 0;
		};
/* End PBXHeadersBuildPhase section */

/* Begin PBXNativeTarget section */
		DE680B121F2BBD9500A9F68C /* FTCoreUtility */ = {
			isa = PBXNativeTarget;
			buildConfigurationList = DE680B271F2BBD9500A9F68C /* Build configuration list for PBXNativeTarget "FTCoreUtility" */;
			buildPhases = (
				DE680B0E1F2BBD9500A9F68C /* Sources */,
				DE680B0F1F2BBD9500A9F68C /* Frameworks */,
				DE680B101F2BBD9500A9F68C /* Headers */,
				DE680B111F2BBD9500A9F68C /* Resources */,
				DE680B571F2BBFE200A9F68C /* Embed Frameworks */,
			);
			buildRules = (
			);
			dependencies = (
			);
			name = FTCoreUtility;
			productName = FTCoreUtility;
			productReference = DE680B131F2BBD9500A9F68C /* FTCoreUtility.framework */;
			productType = "com.apple.product-type.framework";
		};
		DE680B1B1F2BBD9500A9F68C /* FTCoreUtilityTests */ = {
			isa = PBXNativeTarget;
			buildConfigurationList = DE680B2A1F2BBD9500A9F68C /* Build configuration list for PBXNativeTarget "FTCoreUtilityTests" */;
			buildPhases = (
				DE680B181F2BBD9500A9F68C /* Sources */,
				DE680B191F2BBD9500A9F68C /* Frameworks */,
				DE680B1A1F2BBD9500A9F68C /* Resources */,
			);
			buildRules = (
			);
			dependencies = (
				DE680B1F1F2BBD9500A9F68C /* PBXTargetDependency */,
			);
			name = FTCoreUtilityTests;
			productName = FTCoreUtilityTests;
			productReference = DE680B1C1F2BBD9500A9F68C /* FTCoreUtilityTests.xctest */;
			productType = "com.apple.product-type.bundle.unit-test";
		};
/* End PBXNativeTarget section */

/* Begin PBXProject section */
		DE680B0A1F2BBD9500A9F68C /* Project object */ = {
			isa = PBXProject;
			attributes = {
				LastSwiftUpdateCheck = 0830;
				LastUpgradeCheck = 0930;
				ORGANIZATIONNAME = "Praveen Prabhakar";
				TargetAttributes = {
					DE680B121F2BBD9500A9F68C = {
						CreatedOnToolsVersion = 8.3.2;
						DevelopmentTeam = W6W48SVQX7;
						LastSwiftMigration = 0900;
						ProvisioningStyle = Automatic;
					};
					DE680B1B1F2BBD9500A9F68C = {
						CreatedOnToolsVersion = 8.3.2;
						DevelopmentTeam = W6W48SVQX7;
						LastSwiftMigration = 0900;
						ProvisioningStyle = Automatic;
					};
				};
			};
			buildConfigurationList = DE680B0D1F2BBD9500A9F68C /* Build configuration list for PBXProject "FTCoreUtility" */;
			compatibilityVersion = "Xcode 3.2";
			developmentRegion = English;
			hasScannedForEncodings = 0;
			knownRegions = (
				en,
			);
			mainGroup = DE680B091F2BBD9500A9F68C;
			productRefGroup = DE680B141F2BBD9500A9F68C /* Products */;
			projectDirPath = "";
			projectRoot = "";
			targets = (
				DE680B121F2BBD9500A9F68C /* FTCoreUtility */,
				DE680B1B1F2BBD9500A9F68C /* FTCoreUtilityTests */,
			);
		};
/* End PBXProject section */

/* Begin PBXResourcesBuildPhase section */
		DE680B111F2BBD9500A9F68C /* Resources */ = {
			isa = PBXResourcesBuildPhase;
			buildActionMask = 2147483647;
			files = (
			);
			runOnlyForDeploymentPostprocessing = 0;
		};
		DE680B1A1F2BBD9500A9F68C /* Resources */ = {
			isa = PBXResourcesBuildPhase;
			buildActionMask = 2147483647;
			files = (
			);
			runOnlyForDeploymentPostprocessing = 0;
		};
/* End PBXResourcesBuildPhase section */

/* Begin PBXSourcesBuildPhase section */
		DE680B0E1F2BBD9500A9F68C /* Sources */ = {
			isa = PBXSourcesBuildPhase;
			buildActionMask = 2147483647;
			files = (
				DE4383A91F4B0960003DF8A7 /* FTImageView.swift in Sources */,
				DE680B6B1F2BC19D00A9F68C /* FTClass.swift in Sources */,
				DE9854261F4717DF001AFF89 /* FTUIButton.swift in Sources */,
				DE098AD01F37659000675878 /* FTUIView.swift in Sources */,
				DE680B9E1F2D067900A9F68C /* FTAppDelegate.swift in Sources */,
				DEF9A7C8205AD33A00617FBF /* FTSequence.swift in Sources */,
				DE680B751F2BC22B00A9F68C /* FTRect.swift in Sources */,
				DE6C7929207E61250011F027 /* FTData.swift in Sources */,
				DEA7E12E1F48150B0002C148 /* FTViewControllerExtension.swift in Sources */,
				DEA1ED6D1F6CF233001AA3C6 /* FTUINavigationBar.swift in Sources */,
				DE680BC61F30ED9C00A9F68C /* FTColor.swift in Sources */,
				DE680B681F2BC18900A9F68C /* FTString.swift in Sources */,
				DE680B6D1F2BC1A800A9F68C /* FTLinkDetection.swift in Sources */,
				DE098ACF1F37659000675878 /* FTUILabel.swift in Sources */,
				DE680BC41F30C12900A9F68C /* FTDictionary.swift in Sources */,
				DEA7E1321F48282E0002C148 /* FTMath.swift in Sources */,
				DEA0DB3C1F36028D00D9AFA8 /* FTThemeView+Utility.swift in Sources */,
				DE680B9B1F2CF86500A9F68C /* FTAssociatedObject.swift in Sources */,
				DE098AB71F36375500675878 /* FTReflection.swift in Sources */,
				DEA1ED661F698BCC001AA3C6 /* FTImage.swift in Sources */,
				DEA7E1301F4816B20002C148 /* FTApplicationCoreUtility.swift in Sources */,
				DE680B701F2BC1CF00A9F68C /* FTViewExtention.swift in Sources */,
				DE680B991F2CF5A600A9F68C /* FTThemesManager.swift in Sources */,
				DE9411B01F56557200938DA6 /* FTAppearanceManager.swift in Sources */,
				DE680B721F2BC1EB00A9F68C /* FTViewConstrains.swift in Sources */,
				DE9854241F47168E001AFF89 /* FTUITabBar.swift in Sources */,
			);
			runOnlyForDeploymentPostprocessing = 0;
		};
		DE680B181F2BBD9500A9F68C /* Sources */ = {
			isa = PBXSourcesBuildPhase;
			buildActionMask = 2147483647;
			files = (
				DE680B221F2BBD9500A9F68C /* FTCoreUtilityTests.swift in Sources */,
				DE680BB91F2E548F00A9F68C /* FTThemesTests.swift in Sources */,
			);
			runOnlyForDeploymentPostprocessing = 0;
		};
/* End PBXSourcesBuildPhase section */

/* Begin PBXTargetDependency section */
		DE680B1F1F2BBD9500A9F68C /* PBXTargetDependency */ = {
			isa = PBXTargetDependency;
			target = DE680B121F2BBD9500A9F68C /* FTCoreUtility */;
			targetProxy = DE680B1E1F2BBD9500A9F68C /* PBXContainerItemProxy */;
		};
/* End PBXTargetDependency section */

/* Begin XCBuildConfiguration section */
		DE680B251F2BBD9500A9F68C /* Debug */ = {
			isa = XCBuildConfiguration;
			buildSettings = {
				ALWAYS_SEARCH_USER_PATHS = NO;
				CLANG_ANALYZER_NONNULL = YES;
				CLANG_ANALYZER_NUMBER_OBJECT_CONVERSION = YES_AGGRESSIVE;
				CLANG_CXX_LANGUAGE_STANDARD = "gnu++0x";
				CLANG_CXX_LIBRARY = "libc++";
				CLANG_ENABLE_MODULES = YES;
				CLANG_ENABLE_OBJC_ARC = YES;
				CLANG_WARN_BLOCK_CAPTURE_AUTORELEASING = YES;
				CLANG_WARN_BOOL_CONVERSION = YES;
				CLANG_WARN_COMMA = YES;
				CLANG_WARN_CONSTANT_CONVERSION = YES;
				CLANG_WARN_DEPRECATED_OBJC_IMPLEMENTATIONS = YES;
				CLANG_WARN_DIRECT_OBJC_ISA_USAGE = YES_ERROR;
				CLANG_WARN_DOCUMENTATION_COMMENTS = YES;
				CLANG_WARN_EMPTY_BODY = YES;
				CLANG_WARN_ENUM_CONVERSION = YES;
				CLANG_WARN_INFINITE_RECURSION = YES;
				CLANG_WARN_INT_CONVERSION = YES;
				CLANG_WARN_NON_LITERAL_NULL_CONVERSION = YES;
				CLANG_WARN_OBJC_IMPLICIT_RETAIN_SELF = YES;
				CLANG_WARN_OBJC_LITERAL_CONVERSION = YES;
				CLANG_WARN_OBJC_ROOT_CLASS = YES_ERROR;
				CLANG_WARN_RANGE_LOOP_ANALYSIS = YES;
				CLANG_WARN_STRICT_PROTOTYPES = YES;
				CLANG_WARN_SUSPICIOUS_MOVE = YES;
				CLANG_WARN_UNREACHABLE_CODE = YES;
				CLANG_WARN__DUPLICATE_METHOD_MATCH = YES;
				"CODE_SIGN_IDENTITY[sdk=iphoneos*]" = "iPhone Developer";
				COPY_PHASE_STRIP = NO;
				CURRENT_PROJECT_VERSION = 1;
				DEBUG_INFORMATION_FORMAT = dwarf;
				ENABLE_STRICT_OBJC_MSGSEND = YES;
				ENABLE_TESTABILITY = YES;
				GCC_C_LANGUAGE_STANDARD = gnu99;
				GCC_DYNAMIC_NO_PIC = NO;
				GCC_NO_COMMON_BLOCKS = YES;
				GCC_OPTIMIZATION_LEVEL = 0;
				GCC_PREPROCESSOR_DEFINITIONS = (
					"DEBUG=1",
					"$(inherited)",
				);
				GCC_WARN_64_TO_32_BIT_CONVERSION = YES;
				GCC_WARN_ABOUT_RETURN_TYPE = YES_ERROR;
				GCC_WARN_UNDECLARED_SELECTOR = YES;
				GCC_WARN_UNINITIALIZED_AUTOS = YES_AGGRESSIVE;
				GCC_WARN_UNUSED_FUNCTION = YES;
				GCC_WARN_UNUSED_VARIABLE = YES;
				IPHONEOS_DEPLOYMENT_TARGET = 9.0;
				MTL_ENABLE_DEBUG_INFO = YES;
				ONLY_ACTIVE_ARCH = YES;
				SDKROOT = iphoneos;
				SWIFT_ACTIVE_COMPILATION_CONDITIONS = DEBUG;
				SWIFT_OPTIMIZATION_LEVEL = "-Onone";
				TARGETED_DEVICE_FAMILY = "1,2";
				VERSIONING_SYSTEM = "apple-generic";
				VERSION_INFO_PREFIX = "";
			};
			name = Debug;
		};
		DE680B261F2BBD9500A9F68C /* Release */ = {
			isa = XCBuildConfiguration;
			buildSettings = {
				ALWAYS_SEARCH_USER_PATHS = NO;
				CLANG_ANALYZER_NONNULL = YES;
				CLANG_ANALYZER_NUMBER_OBJECT_CONVERSION = YES_AGGRESSIVE;
				CLANG_CXX_LANGUAGE_STANDARD = "gnu++0x";
				CLANG_CXX_LIBRARY = "libc++";
				CLANG_ENABLE_MODULES = YES;
				CLANG_ENABLE_OBJC_ARC = YES;
				CLANG_WARN_BLOCK_CAPTURE_AUTORELEASING = YES;
				CLANG_WARN_BOOL_CONVERSION = YES;
				CLANG_WARN_COMMA = YES;
				CLANG_WARN_CONSTANT_CONVERSION = YES;
				CLANG_WARN_DEPRECATED_OBJC_IMPLEMENTATIONS = YES;
				CLANG_WARN_DIRECT_OBJC_ISA_USAGE = YES_ERROR;
				CLANG_WARN_DOCUMENTATION_COMMENTS = YES;
				CLANG_WARN_EMPTY_BODY = YES;
				CLANG_WARN_ENUM_CONVERSION = YES;
				CLANG_WARN_INFINITE_RECURSION = YES;
				CLANG_WARN_INT_CONVERSION = YES;
				CLANG_WARN_NON_LITERAL_NULL_CONVERSION = YES;
				CLANG_WARN_OBJC_IMPLICIT_RETAIN_SELF = YES;
				CLANG_WARN_OBJC_LITERAL_CONVERSION = YES;
				CLANG_WARN_OBJC_ROOT_CLASS = YES_ERROR;
				CLANG_WARN_RANGE_LOOP_ANALYSIS = YES;
				CLANG_WARN_STRICT_PROTOTYPES = YES;
				CLANG_WARN_SUSPICIOUS_MOVE = YES;
				CLANG_WARN_UNREACHABLE_CODE = YES;
				CLANG_WARN__DUPLICATE_METHOD_MATCH = YES;
				"CODE_SIGN_IDENTITY[sdk=iphoneos*]" = "iPhone Developer";
				COPY_PHASE_STRIP = NO;
				CURRENT_PROJECT_VERSION = 1;
				DEBUG_INFORMATION_FORMAT = "dwarf-with-dsym";
				ENABLE_NS_ASSERTIONS = NO;
				ENABLE_STRICT_OBJC_MSGSEND = YES;
				GCC_C_LANGUAGE_STANDARD = gnu99;
				GCC_NO_COMMON_BLOCKS = YES;
				GCC_WARN_64_TO_32_BIT_CONVERSION = YES;
				GCC_WARN_ABOUT_RETURN_TYPE = YES_ERROR;
				GCC_WARN_UNDECLARED_SELECTOR = YES;
				GCC_WARN_UNINITIALIZED_AUTOS = YES_AGGRESSIVE;
				GCC_WARN_UNUSED_FUNCTION = YES;
				GCC_WARN_UNUSED_VARIABLE = YES;
				IPHONEOS_DEPLOYMENT_TARGET = 9.0;
				MTL_ENABLE_DEBUG_INFO = NO;
				SDKROOT = iphoneos;
				SWIFT_OPTIMIZATION_LEVEL = "-Owholemodule";
				TARGETED_DEVICE_FAMILY = "1,2";
				VALIDATE_PRODUCT = YES;
				VERSIONING_SYSTEM = "apple-generic";
				VERSION_INFO_PREFIX = "";
			};
			name = Release;
		};
		DE680B281F2BBD9500A9F68C /* Debug */ = {
			isa = XCBuildConfiguration;
			buildSettings = {
				CODE_SIGN_IDENTITY = "";
				DEFINES_MODULE = YES;
				DEVELOPMENT_TEAM = W6W48SVQX7;
				DYLIB_COMPATIBILITY_VERSION = 1;
				DYLIB_CURRENT_VERSION = 1;
				DYLIB_INSTALL_NAME_BASE = "@rpath";
				INFOPLIST_FILE = FTCoreUtility/Info.plist;
				INSTALL_PATH = "$(LOCAL_LIBRARY_DIR)/Frameworks";
				IPHONEOS_DEPLOYMENT_TARGET = 9.0;
				LD_RUNPATH_SEARCH_PATHS = "$(inherited) @executable_path/Frameworks @loader_path/Frameworks";
				OTHER_SWIFT_FLAGS = "";
				PRODUCT_BUNDLE_IDENTIFIER = com.ft.FTCoreUtility;
				PRODUCT_NAME = "$(TARGET_NAME)";
				SKIP_INSTALL = NO;
				SWIFT_SWIFT3_OBJC_INFERENCE = On;
				SWIFT_VERSION = 4.0;
			};
			name = Debug;
		};
		DE680B291F2BBD9500A9F68C /* Release */ = {
			isa = XCBuildConfiguration;
			buildSettings = {
				CODE_SIGN_IDENTITY = "";
				DEFINES_MODULE = YES;
				DEVELOPMENT_TEAM = W6W48SVQX7;
				DYLIB_COMPATIBILITY_VERSION = 1;
				DYLIB_CURRENT_VERSION = 1;
				DYLIB_INSTALL_NAME_BASE = "@rpath";
				INFOPLIST_FILE = FTCoreUtility/Info.plist;
				INSTALL_PATH = "$(LOCAL_LIBRARY_DIR)/Frameworks";
				IPHONEOS_DEPLOYMENT_TARGET = 9.0;
				LD_RUNPATH_SEARCH_PATHS = "$(inherited) @executable_path/Frameworks @loader_path/Frameworks";
				OTHER_SWIFT_FLAGS = "";
				PRODUCT_BUNDLE_IDENTIFIER = com.ft.FTCoreUtility;
				PRODUCT_NAME = "$(TARGET_NAME)";
				SKIP_INSTALL = NO;
				SWIFT_SWIFT3_OBJC_INFERENCE = On;
				SWIFT_VERSION = 4.0;
			};
			name = Release;
		};
		DE680B2B1F2BBD9500A9F68C /* Debug */ = {
			isa = XCBuildConfiguration;
			buildSettings = {
				ALWAYS_EMBED_SWIFT_STANDARD_LIBRARIES = YES;
				DEVELOPMENT_TEAM = W6W48SVQX7;
				INFOPLIST_FILE = FTCoreUtilityTests/Info.plist;
				LD_RUNPATH_SEARCH_PATHS = "$(inherited) @executable_path/Frameworks @loader_path/Frameworks";
				PRODUCT_BUNDLE_IDENTIFIER = com.ft.FTCoreUtilityTests;
				PRODUCT_NAME = "$(TARGET_NAME)";
				SWIFT_SWIFT3_OBJC_INFERENCE = On;
				SWIFT_VERSION = 4.0;
			};
			name = Debug;
		};
		DE680B2C1F2BBD9500A9F68C /* Release */ = {
			isa = XCBuildConfiguration;
			buildSettings = {
				ALWAYS_EMBED_SWIFT_STANDARD_LIBRARIES = YES;
				DEVELOPMENT_TEAM = W6W48SVQX7;
				INFOPLIST_FILE = FTCoreUtilityTests/Info.plist;
				LD_RUNPATH_SEARCH_PATHS = "$(inherited) @executable_path/Frameworks @loader_path/Frameworks";
				PRODUCT_BUNDLE_IDENTIFIER = com.ft.FTCoreUtilityTests;
				PRODUCT_NAME = "$(TARGET_NAME)";
				SWIFT_SWIFT3_OBJC_INFERENCE = On;
				SWIFT_VERSION = 4.0;
			};
			name = Release;
		};
/* End XCBuildConfiguration section */

/* Begin XCConfigurationList section */
		DE680B0D1F2BBD9500A9F68C /* Build configuration list for PBXProject "FTCoreUtility" */ = {
			isa = XCConfigurationList;
			buildConfigurations = (
				DE680B251F2BBD9500A9F68C /* Debug */,
				DE680B261F2BBD9500A9F68C /* Release */,
			);
			defaultConfigurationIsVisible = 0;
			defaultConfigurationName = Release;
		};
		DE680B271F2BBD9500A9F68C /* Build configuration list for PBXNativeTarget "FTCoreUtility" */ = {
			isa = XCConfigurationList;
			buildConfigurations = (
				DE680B281F2BBD9500A9F68C /* Debug */,
				DE680B291F2BBD9500A9F68C /* Release */,
			);
			defaultConfigurationIsVisible = 0;
			defaultConfigurationName = Release;
		};
		DE680B2A1F2BBD9500A9F68C /* Build configuration list for PBXNativeTarget "FTCoreUtilityTests" */ = {
			isa = XCConfigurationList;
			buildConfigurations = (
				DE680B2B1F2BBD9500A9F68C /* Debug */,
				DE680B2C1F2BBD9500A9F68C /* Release */,
			);
			defaultConfigurationIsVisible = 0;
			defaultConfigurationName = Release;
		};
/* End XCConfigurationList section */
	};
	rootObject = DE680B0A1F2BBD9500A9F68C /* Project object */;
}
