// !$*UTF8*$!
{
	archiveVersion = 1;
	classes = {
	};
	objectVersion = 50;
	objects = {

/* Begin PBXBuildFile section */
		D42A580C23047CEF003C7283 /* MobileCore.framework in Frameworks */ = {isa = PBXBuildFile; fileRef = D42A580223047CEF003C7283 /* MobileCore.framework */; };
		D42A581123047CEF003C7283 /* MobileCoreTests.swift in Sources */ = {isa = PBXBuildFile; fileRef = D42A581023047CEF003C7283 /* MobileCoreTests.swift */; };
		D42A581323047CEF003C7283 /* MobileCore.h in Headers */ = {isa = PBXBuildFile; fileRef = D42A580523047CEF003C7283 /* MobileCore.h */; settings = {ATTRIBUTES = (Public, ); }; };
		D42A584823047DD6003C7283 /* FTLogger.swift in Sources */ = {isa = PBXBuildFile; fileRef = D42A581E23047DD6003C7283 /* FTLogger.swift */; };
		D42A584923047DD6003C7283 /* FTString.swift in Sources */ = {isa = PBXBuildFile; fileRef = D42A582023047DD6003C7283 /* FTString.swift */; };
		D42A584A23047DD6003C7283 /* FTData.swift in Sources */ = {isa = PBXBuildFile; fileRef = D42A582123047DD6003C7283 /* FTData.swift */; };
		D42A584B23047DD6003C7283 /* FTLinkDetection.swift in Sources */ = {isa = PBXBuildFile; fileRef = D42A582223047DD6003C7283 /* FTLinkDetection.swift */; };
		D42A584C23047DD6003C7283 /* FTDictionary.swift in Sources */ = {isa = PBXBuildFile; fileRef = D42A582323047DD6003C7283 /* FTDictionary.swift */; };
		D42A584D23047DD6003C7283 /* FTCoreUtility.swift in Sources */ = {isa = PBXBuildFile; fileRef = D42A582523047DD6003C7283 /* FTCoreUtility.swift */; };
		D42A584E23047DD6003C7283 /* FTAppDelegate.swift in Sources */ = {isa = PBXBuildFile; fileRef = D42A582623047DD6003C7283 /* FTAppDelegate.swift */; };
		D42A584F23047DD6003C7283 /* FTThemesManager.swift in Sources */ = {isa = PBXBuildFile; fileRef = D42A582823047DD6003C7283 /* FTThemesManager.swift */; };
		D42A585023047DD6003C7283 /* FTThemeView+Utility.swift in Sources */ = {isa = PBXBuildFile; fileRef = D42A582923047DD6003C7283 /* FTThemeView+Utility.swift */; };
		D42A585123047DD6003C7283 /* FTAppearanceManager.swift in Sources */ = {isa = PBXBuildFile; fileRef = D42A582A23047DD6003C7283 /* FTAppearanceManager.swift */; };
		D42A585223047DD6003C7283 /* FTUISearchBar.swift in Sources */ = {isa = PBXBuildFile; fileRef = D42A582C23047DD6003C7283 /* FTUISearchBar.swift */; };
		D42A585323047DD6003C7283 /* FTUILabelThemeProtocol.swift in Sources */ = {isa = PBXBuildFile; fileRef = D42A582D23047DD6003C7283 /* FTUILabelThemeProtocol.swift */; };
		D42A585523047DD6003C7283 /* FTUIButton.swift in Sources */ = {isa = PBXBuildFile; fileRef = D42A582F23047DD6003C7283 /* FTUIButton.swift */; };
		D42A585623047DD6003C7283 /* FTUINavigationBar.swift in Sources */ = {isa = PBXBuildFile; fileRef = D42A583023047DD6003C7283 /* FTUINavigationBar.swift */; };
		D42A585823047DD6003C7283 /* FTUICollectionView.swift in Sources */ = {isa = PBXBuildFile; fileRef = D42A583223047DD6003C7283 /* FTUICollectionView.swift */; };
		D42A585923047DD6003C7283 /* FTViewConstrains.swift in Sources */ = {isa = PBXBuildFile; fileRef = D42A583423047DD6003C7283 /* FTViewConstrains.swift */; };
		D42A585A23047DD6003C7283 /* FTViewExtention.swift in Sources */ = {isa = PBXBuildFile; fileRef = D42A583523047DD6003C7283 /* FTViewExtention.swift */; };
		D42A585B23047DD6003C7283 /* FTViewControllerExtension.swift in Sources */ = {isa = PBXBuildFile; fileRef = D42A583623047DD6003C7283 /* FTViewControllerExtension.swift */; };
		D42A585C23047DD6003C7283 /* FTView+Utiltiy.swift in Sources */ = {isa = PBXBuildFile; fileRef = D42A583723047DD6003C7283 /* FTView+Utiltiy.swift */; };
		D42A585D23047DD6003C7283 /* FTAssociatedObject.swift in Sources */ = {isa = PBXBuildFile; fileRef = D42A583923047DD6003C7283 /* FTAssociatedObject.swift */; };
		D42A585E23047DD6003C7283 /* FTImageView.swift in Sources */ = {isa = PBXBuildFile; fileRef = D42A583A23047DD6003C7283 /* FTImageView.swift */; };
		D42A585F23047DD6003C7283 /* FTSequence.swift in Sources */ = {isa = PBXBuildFile; fileRef = D42A583B23047DD6003C7283 /* FTSequence.swift */; };
		D42A586023047DD6003C7283 /* FTImage.swift in Sources */ = {isa = PBXBuildFile; fileRef = D42A583C23047DD6003C7283 /* FTImage.swift */; };
		D42A586123047DD6003C7283 /* FTActionBlock.swift in Sources */ = {isa = PBXBuildFile; fileRef = D42A583D23047DD6003C7283 /* FTActionBlock.swift */; };
		D42A586223047DD6003C7283 /* FTURL.swift in Sources */ = {isa = PBXBuildFile; fileRef = D42A583E23047DD6003C7283 /* FTURL.swift */; };
		D42A586323047DD6003C7283 /* FTRect.swift in Sources */ = {isa = PBXBuildFile; fileRef = D42A583F23047DD6003C7283 /* FTRect.swift */; };
		D42A586423047DD6003C7283 /* FTMath.swift in Sources */ = {isa = PBXBuildFile; fileRef = D42A584023047DD6003C7283 /* FTMath.swift */; };
		D42A586523047DD6003C7283 /* FTColor.swift in Sources */ = {isa = PBXBuildFile; fileRef = D42A584123047DD6003C7283 /* FTColor.swift */; };
		D42A586623047DD6003C7283 /* FTClass.swift in Sources */ = {isa = PBXBuildFile; fileRef = D42A584323047DD6003C7283 /* FTClass.swift */; };
		D42A586723047DD6003C7283 /* FTReflection.swift in Sources */ = {isa = PBXBuildFile; fileRef = D42A584423047DD6003C7283 /* FTReflection.swift */; };
		D42A586823047DD6003C7283 /* FTKeychainWrapper.swift in Sources */ = {isa = PBXBuildFile; fileRef = D42A584623047DD6003C7283 /* FTKeychainWrapper.swift */; };
		D42A586923047DD6003C7283 /* FTKeychainItemAccessibility.swift in Sources */ = {isa = PBXBuildFile; fileRef = D42A584723047DD6003C7283 /* FTKeychainItemAccessibility.swift */; };
		D42A587923047DE3003C7283 /* FTUserCache.swift in Sources */ = {isa = PBXBuildFile; fileRef = D42A586C23047DE3003C7283 /* FTUserCache.swift */; };
		D42A587A23047DE3003C7283 /* FTURLSession.swift in Sources */ = {isa = PBXBuildFile; fileRef = D42A586E23047DE3003C7283 /* FTURLSession.swift */; };
		D42A587C23047DE3003C7283 /* FTModelCreator.swift in Sources */ = {isa = PBXBuildFile; fileRef = D42A587123047DE3003C7283 /* FTModelCreator.swift */; };
		D42A587D23047DE3003C7283 /* FTServiceModel.swift in Sources */ = {isa = PBXBuildFile; fileRef = D42A587323047DE3003C7283 /* FTServiceModel.swift */; };
		D42A587E23047DE3003C7283 /* FTMobileConfig.swift in Sources */ = {isa = PBXBuildFile; fileRef = D42A587423047DE3003C7283 /* FTMobileConfig.swift */; };
		D42A587F23047DE3003C7283 /* FTErrorModel.swift in Sources */ = {isa = PBXBuildFile; fileRef = D42A587523047DE3003C7283 /* FTErrorModel.swift */; };
		D42A588023047DE3003C7283 /* FTRequestObject.swift in Sources */ = {isa = PBXBuildFile; fileRef = D42A587623047DE3003C7283 /* FTRequestObject.swift */; };
		D42A588123047DE3003C7283 /* FTServiceClient.swift in Sources */ = {isa = PBXBuildFile; fileRef = D42A587723047DE3003C7283 /* FTServiceClient.swift */; };
		D42A58A423047DEA003C7283 /* FTSegmentedControl.swift in Sources */ = {isa = PBXBuildFile; fileRef = D42A588623047DEA003C7283 /* FTSegmentedControl.swift */; };
		D42A58A523047DEA003C7283 /* FTTableView.swift in Sources */ = {isa = PBXBuildFile; fileRef = D42A588723047DEA003C7283 /* FTTableView.swift */; };
		D42A58A623047DEA003C7283 /* FTLabel.swift in Sources */ = {isa = PBXBuildFile; fileRef = D42A588823047DEA003C7283 /* FTLabel.swift */; };
		D42A58A823047DEA003C7283 /* FTWebView.swift in Sources */ = {isa = PBXBuildFile; fileRef = D42A588A23047DEA003C7283 /* FTWebView.swift */; };
		D42A58A923047DEA003C7283 /* FTCollectionView.swift in Sources */ = {isa = PBXBuildFile; fileRef = D42A588B23047DEA003C7283 /* FTCollectionView.swift */; };
		D42A58AA23047DEA003C7283 /* FTScrollView.swift in Sources */ = {isa = PBXBuildFile; fileRef = D42A588C23047DEA003C7283 /* FTScrollView.swift */; };
		D42A58AB23047DEA003C7283 /* FTSearchBar.swift in Sources */ = {isa = PBXBuildFile; fileRef = D42A588D23047DEA003C7283 /* FTSearchBar.swift */; };
		D42A58AC23047DEA003C7283 /* FTView.swift in Sources */ = {isa = PBXBuildFile; fileRef = D42A588E23047DEA003C7283 /* FTView.swift */; };
		D42A58AE23047DEA003C7283 /* FTFloatingView.swift in Sources */ = {isa = PBXBuildFile; fileRef = D42A589123047DEA003C7283 /* FTFloatingView.swift */; };
		D42A58AF23047DEA003C7283 /* FTContentView.swift in Sources */ = {isa = PBXBuildFile; fileRef = D42A589223047DEA003C7283 /* FTContentView.swift */; };
		D42A58B023047DEA003C7283 /* FTBaseView.swift in Sources */ = {isa = PBXBuildFile; fileRef = D42A589323047DEA003C7283 /* FTBaseView.swift */; };
		D42A58B123047DEA003C7283 /* FTFontPickerView.xib in Resources */ = {isa = PBXBuildFile; fileRef = D42A589523047DEA003C7283 /* FTFontPickerView.xib */; };
		D42A58B223047DEA003C7283 /* FTFontPickerView.swift in Sources */ = {isa = PBXBuildFile; fileRef = D42A589623047DEA003C7283 /* FTFontPickerView.swift */; };
		D42A58B323047DEA003C7283 /* FTFontPickerViewController.swift in Sources */ = {isa = PBXBuildFile; fileRef = D42A589723047DEA003C7283 /* FTFontPickerViewController.swift */; };
		D42A58B423047DEA003C7283 /* FTMobileCoreUIConstants.swift in Sources */ = {isa = PBXBuildFile; fileRef = D42A589923047DEA003C7283 /* FTMobileCoreUIConstants.swift */; };
		D42A58B523047DEA003C7283 /* FTBaseScrollViewController.swift in Sources */ = {isa = PBXBuildFile; fileRef = D42A589B23047DEA003C7283 /* FTBaseScrollViewController.swift */; };
		D42A58B623047DEA003C7283 /* FTBaseViewController+Utility.swift in Sources */ = {isa = PBXBuildFile; fileRef = D42A589C23047DEA003C7283 /* FTBaseViewController+Utility.swift */; };
		D42A58B723047DEA003C7283 /* FTBaseCollectionViewController.swift in Sources */ = {isa = PBXBuildFile; fileRef = D42A589D23047DEA003C7283 /* FTBaseCollectionViewController.swift */; };
		D42A58B923047DEA003C7283 /* FTBaseViewController.swift in Sources */ = {isa = PBXBuildFile; fileRef = D42A589F23047DEA003C7283 /* FTBaseViewController.swift */; };
		D42A58BA23047DEA003C7283 /* FTBaseTableViewController.swift in Sources */ = {isa = PBXBuildFile; fileRef = D42A58A023047DEA003C7283 /* FTBaseTableViewController.swift */; };
		D42A58BC23047DEA003C7283 /* FTLoadingIndicator.swift in Sources */ = {isa = PBXBuildFile; fileRef = D42A58A323047DEA003C7283 /* FTLoadingIndicator.swift */; };
		D43D0C762305262B00C5C770 /* FTThemesTests.swift in Sources */ = {isa = PBXBuildFile; fileRef = D43D0C742305262B00C5C770 /* FTThemesTests.swift */; };
		D43D0C772305262B00C5C770 /* FTCoreUtilityTests.swift in Sources */ = {isa = PBXBuildFile; fileRef = D43D0C752305262B00C5C770 /* FTCoreUtilityTests.swift */; };
		D43D0C7A2305263300C5C770 /* FTMobileCoreTests.swift in Sources */ = {isa = PBXBuildFile; fileRef = D43D0C792305263300C5C770 /* FTMobileCoreTests.swift */; };
		D43D0C7E2305263B00C5C770 /* FTStringUtilityTests.swift in Sources */ = {isa = PBXBuildFile; fileRef = D43D0C7C2305263B00C5C770 /* FTStringUtilityTests.swift */; };
		D43D0C7F2305263B00C5C770 /* FTConstrainsTests.swift in Sources */ = {isa = PBXBuildFile; fileRef = D43D0C7D2305263B00C5C770 /* FTConstrainsTests.swift */; };
		D45E3CF1230BF7F6005BD885 /* FTThemeProtocol.swift in Sources */ = {isa = PBXBuildFile; fileRef = D45E3CF0230BF7F6005BD885 /* FTThemeProtocol.swift */; };
		D4869CFB23085F4900A7C19F /* FTUIElementsTests.swift in Sources */ = {isa = PBXBuildFile; fileRef = D4869CFA23085F4900A7C19F /* FTUIElementsTests.swift */; };
		D4BD161F2306B38F005DF80D /* FTUIElementThemesTests.swift in Sources */ = {isa = PBXBuildFile; fileRef = D4BD161E2306B38F005DF80D /* FTUIElementThemesTests.swift */; };
/* End PBXBuildFile section */

/* Begin PBXContainerItemProxy section */
		D42A580D23047CEF003C7283 /* PBXContainerItemProxy */ = {
			isa = PBXContainerItemProxy;
			containerPortal = D42A57F923047CEF003C7283 /* Project object */;
			proxyType = 1;
			remoteGlobalIDString = D42A580123047CEF003C7283;
			remoteInfo = MobileCore;
		};
/* End PBXContainerItemProxy section */

/* Begin PBXFileReference section */
		D42A580223047CEF003C7283 /* MobileCore.framework */ = {isa = PBXFileReference; explicitFileType = wrapper.framework; includeInIndex = 0; path = MobileCore.framework; sourceTree = BUILT_PRODUCTS_DIR; };
		D42A580523047CEF003C7283 /* MobileCore.h */ = {isa = PBXFileReference; lastKnownFileType = sourcecode.c.h; path = MobileCore.h; sourceTree = "<group>"; };
		D42A580623047CEF003C7283 /* Info.plist */ = {isa = PBXFileReference; lastKnownFileType = text.plist.xml; path = Info.plist; sourceTree = "<group>"; };
		D42A580B23047CEF003C7283 /* MobileCoreTests.xctest */ = {isa = PBXFileReference; explicitFileType = wrapper.cfbundle; includeInIndex = 0; path = MobileCoreTests.xctest; sourceTree = BUILT_PRODUCTS_DIR; };
		D42A581023047CEF003C7283 /* MobileCoreTests.swift */ = {isa = PBXFileReference; lastKnownFileType = sourcecode.swift; path = MobileCoreTests.swift; sourceTree = "<group>"; };
		D42A581223047CEF003C7283 /* Info.plist */ = {isa = PBXFileReference; lastKnownFileType = text.plist.xml; path = Info.plist; sourceTree = "<group>"; };
		D42A581E23047DD6003C7283 /* FTLogger.swift */ = {isa = PBXFileReference; fileEncoding = 4; lastKnownFileType = sourcecode.swift; path = FTLogger.swift; sourceTree = "<group>"; };
		D42A582023047DD6003C7283 /* FTString.swift */ = {isa = PBXFileReference; fileEncoding = 4; lastKnownFileType = sourcecode.swift; path = FTString.swift; sourceTree = "<group>"; };
		D42A582123047DD6003C7283 /* FTData.swift */ = {isa = PBXFileReference; fileEncoding = 4; lastKnownFileType = sourcecode.swift; path = FTData.swift; sourceTree = "<group>"; };
		D42A582223047DD6003C7283 /* FTLinkDetection.swift */ = {isa = PBXFileReference; fileEncoding = 4; lastKnownFileType = sourcecode.swift; path = FTLinkDetection.swift; sourceTree = "<group>"; };
		D42A582323047DD6003C7283 /* FTDictionary.swift */ = {isa = PBXFileReference; fileEncoding = 4; lastKnownFileType = sourcecode.swift; path = FTDictionary.swift; sourceTree = "<group>"; };
		D42A582523047DD6003C7283 /* FTCoreUtility.swift */ = {isa = PBXFileReference; fileEncoding = 4; lastKnownFileType = sourcecode.swift; path = FTCoreUtility.swift; sourceTree = "<group>"; };
		D42A582623047DD6003C7283 /* FTAppDelegate.swift */ = {isa = PBXFileReference; fileEncoding = 4; lastKnownFileType = sourcecode.swift; path = FTAppDelegate.swift; sourceTree = "<group>"; };
		D42A582823047DD6003C7283 /* FTThemesManager.swift */ = {isa = PBXFileReference; fileEncoding = 4; lastKnownFileType = sourcecode.swift; path = FTThemesManager.swift; sourceTree = "<group>"; };
		D42A582923047DD6003C7283 /* FTThemeView+Utility.swift */ = {isa = PBXFileReference; fileEncoding = 4; lastKnownFileType = sourcecode.swift; path = "FTThemeView+Utility.swift"; sourceTree = "<group>"; };
		D42A582A23047DD6003C7283 /* FTAppearanceManager.swift */ = {isa = PBXFileReference; fileEncoding = 4; lastKnownFileType = sourcecode.swift; path = FTAppearanceManager.swift; sourceTree = "<group>"; };
		D42A582C23047DD6003C7283 /* FTUISearchBar.swift */ = {isa = PBXFileReference; fileEncoding = 4; lastKnownFileType = sourcecode.swift; path = FTUISearchBar.swift; sourceTree = "<group>"; };
		D42A582D23047DD6003C7283 /* FTUILabelThemeProtocol.swift */ = {isa = PBXFileReference; fileEncoding = 4; lastKnownFileType = sourcecode.swift; path = FTUILabelThemeProtocol.swift; sourceTree = "<group>"; };
		D42A582F23047DD6003C7283 /* FTUIButton.swift */ = {isa = PBXFileReference; fileEncoding = 4; lastKnownFileType = sourcecode.swift; path = FTUIButton.swift; sourceTree = "<group>"; };
		D42A583023047DD6003C7283 /* FTUINavigationBar.swift */ = {isa = PBXFileReference; fileEncoding = 4; lastKnownFileType = sourcecode.swift; path = FTUINavigationBar.swift; sourceTree = "<group>"; };
		D42A583223047DD6003C7283 /* FTUICollectionView.swift */ = {isa = PBXFileReference; fileEncoding = 4; lastKnownFileType = sourcecode.swift; path = FTUICollectionView.swift; sourceTree = "<group>"; };
		D42A583423047DD6003C7283 /* FTViewConstrains.swift */ = {isa = PBXFileReference; fileEncoding = 4; lastKnownFileType = sourcecode.swift; path = FTViewConstrains.swift; sourceTree = "<group>"; };
		D42A583523047DD6003C7283 /* FTViewExtention.swift */ = {isa = PBXFileReference; fileEncoding = 4; lastKnownFileType = sourcecode.swift; path = FTViewExtention.swift; sourceTree = "<group>"; };
		D42A583623047DD6003C7283 /* FTViewControllerExtension.swift */ = {isa = PBXFileReference; fileEncoding = 4; lastKnownFileType = sourcecode.swift; path = FTViewControllerExtension.swift; sourceTree = "<group>"; };
		D42A583723047DD6003C7283 /* FTView+Utiltiy.swift */ = {isa = PBXFileReference; fileEncoding = 4; lastKnownFileType = sourcecode.swift; path = "FTView+Utiltiy.swift"; sourceTree = "<group>"; };
		D42A583923047DD6003C7283 /* FTAssociatedObject.swift */ = {isa = PBXFileReference; fileEncoding = 4; lastKnownFileType = sourcecode.swift; path = FTAssociatedObject.swift; sourceTree = "<group>"; };
		D42A583A23047DD6003C7283 /* FTImageView.swift */ = {isa = PBXFileReference; fileEncoding = 4; lastKnownFileType = sourcecode.swift; path = FTImageView.swift; sourceTree = "<group>"; };
		D42A583B23047DD6003C7283 /* FTSequence.swift */ = {isa = PBXFileReference; fileEncoding = 4; lastKnownFileType = sourcecode.swift; path = FTSequence.swift; sourceTree = "<group>"; };
		D42A583C23047DD6003C7283 /* FTImage.swift */ = {isa = PBXFileReference; fileEncoding = 4; lastKnownFileType = sourcecode.swift; path = FTImage.swift; sourceTree = "<group>"; };
		D42A583D23047DD6003C7283 /* FTActionBlock.swift */ = {isa = PBXFileReference; fileEncoding = 4; lastKnownFileType = sourcecode.swift; path = FTActionBlock.swift; sourceTree = "<group>"; };
		D42A583E23047DD6003C7283 /* FTURL.swift */ = {isa = PBXFileReference; fileEncoding = 4; lastKnownFileType = sourcecode.swift; path = FTURL.swift; sourceTree = "<group>"; };
		D42A583F23047DD6003C7283 /* FTRect.swift */ = {isa = PBXFileReference; fileEncoding = 4; lastKnownFileType = sourcecode.swift; path = FTRect.swift; sourceTree = "<group>"; };
		D42A584023047DD6003C7283 /* FTMath.swift */ = {isa = PBXFileReference; fileEncoding = 4; lastKnownFileType = sourcecode.swift; path = FTMath.swift; sourceTree = "<group>"; };
		D42A584123047DD6003C7283 /* FTColor.swift */ = {isa = PBXFileReference; fileEncoding = 4; lastKnownFileType = sourcecode.swift; path = FTColor.swift; sourceTree = "<group>"; };
		D42A584323047DD6003C7283 /* FTClass.swift */ = {isa = PBXFileReference; fileEncoding = 4; lastKnownFileType = sourcecode.swift; path = FTClass.swift; sourceTree = "<group>"; };
		D42A584423047DD6003C7283 /* FTReflection.swift */ = {isa = PBXFileReference; fileEncoding = 4; lastKnownFileType = sourcecode.swift; path = FTReflection.swift; sourceTree = "<group>"; };
		D42A584623047DD6003C7283 /* FTKeychainWrapper.swift */ = {isa = PBXFileReference; fileEncoding = 4; lastKnownFileType = sourcecode.swift; path = FTKeychainWrapper.swift; sourceTree = "<group>"; };
		D42A584723047DD6003C7283 /* FTKeychainItemAccessibility.swift */ = {isa = PBXFileReference; fileEncoding = 4; lastKnownFileType = sourcecode.swift; path = FTKeychainItemAccessibility.swift; sourceTree = "<group>"; };
		D42A586C23047DE3003C7283 /* FTUserCache.swift */ = {isa = PBXFileReference; fileEncoding = 4; lastKnownFileType = sourcecode.swift; path = FTUserCache.swift; sourceTree = "<group>"; };
		D42A586E23047DE3003C7283 /* FTURLSession.swift */ = {isa = PBXFileReference; fileEncoding = 4; lastKnownFileType = sourcecode.swift; path = FTURLSession.swift; sourceTree = "<group>"; };
		D42A587123047DE3003C7283 /* FTModelCreator.swift */ = {isa = PBXFileReference; fileEncoding = 4; lastKnownFileType = sourcecode.swift; path = FTModelCreator.swift; sourceTree = "<group>"; };
		D42A587323047DE3003C7283 /* FTServiceModel.swift */ = {isa = PBXFileReference; fileEncoding = 4; lastKnownFileType = sourcecode.swift; path = FTServiceModel.swift; sourceTree = "<group>"; };
		D42A587423047DE3003C7283 /* FTMobileConfig.swift */ = {isa = PBXFileReference; fileEncoding = 4; lastKnownFileType = sourcecode.swift; path = FTMobileConfig.swift; sourceTree = "<group>"; };
		D42A587523047DE3003C7283 /* FTErrorModel.swift */ = {isa = PBXFileReference; fileEncoding = 4; lastKnownFileType = sourcecode.swift; path = FTErrorModel.swift; sourceTree = "<group>"; };
		D42A587623047DE3003C7283 /* FTRequestObject.swift */ = {isa = PBXFileReference; fileEncoding = 4; lastKnownFileType = sourcecode.swift; path = FTRequestObject.swift; sourceTree = "<group>"; };
		D42A587723047DE3003C7283 /* FTServiceClient.swift */ = {isa = PBXFileReference; fileEncoding = 4; lastKnownFileType = sourcecode.swift; path = FTServiceClient.swift; sourceTree = "<group>"; };
		D42A588623047DEA003C7283 /* FTSegmentedControl.swift */ = {isa = PBXFileReference; fileEncoding = 4; lastKnownFileType = sourcecode.swift; path = FTSegmentedControl.swift; sourceTree = "<group>"; };
		D42A588723047DEA003C7283 /* FTTableView.swift */ = {isa = PBXFileReference; fileEncoding = 4; lastKnownFileType = sourcecode.swift; path = FTTableView.swift; sourceTree = "<group>"; };
		D42A588823047DEA003C7283 /* FTLabel.swift */ = {isa = PBXFileReference; fileEncoding = 4; lastKnownFileType = sourcecode.swift; path = FTLabel.swift; sourceTree = "<group>"; };
		D42A588A23047DEA003C7283 /* FTWebView.swift */ = {isa = PBXFileReference; fileEncoding = 4; lastKnownFileType = sourcecode.swift; path = FTWebView.swift; sourceTree = "<group>"; };
		D42A588B23047DEA003C7283 /* FTCollectionView.swift */ = {isa = PBXFileReference; fileEncoding = 4; lastKnownFileType = sourcecode.swift; path = FTCollectionView.swift; sourceTree = "<group>"; };
		D42A588C23047DEA003C7283 /* FTScrollView.swift */ = {isa = PBXFileReference; fileEncoding = 4; lastKnownFileType = sourcecode.swift; path = FTScrollView.swift; sourceTree = "<group>"; };
		D42A588D23047DEA003C7283 /* FTSearchBar.swift */ = {isa = PBXFileReference; fileEncoding = 4; lastKnownFileType = sourcecode.swift; path = FTSearchBar.swift; sourceTree = "<group>"; };
		D42A588E23047DEA003C7283 /* FTView.swift */ = {isa = PBXFileReference; fileEncoding = 4; lastKnownFileType = sourcecode.swift; path = FTView.swift; sourceTree = "<group>"; };
		D42A589123047DEA003C7283 /* FTFloatingView.swift */ = {isa = PBXFileReference; fileEncoding = 4; lastKnownFileType = sourcecode.swift; path = FTFloatingView.swift; sourceTree = "<group>"; };
		D42A589223047DEA003C7283 /* FTContentView.swift */ = {isa = PBXFileReference; fileEncoding = 4; lastKnownFileType = sourcecode.swift; path = FTContentView.swift; sourceTree = "<group>"; };
		D42A589323047DEA003C7283 /* FTBaseView.swift */ = {isa = PBXFileReference; fileEncoding = 4; lastKnownFileType = sourcecode.swift; path = FTBaseView.swift; sourceTree = "<group>"; };
		D42A589523047DEA003C7283 /* FTFontPickerView.xib */ = {isa = PBXFileReference; fileEncoding = 4; lastKnownFileType = file.xib; path = FTFontPickerView.xib; sourceTree = "<group>"; };
		D42A589623047DEA003C7283 /* FTFontPickerView.swift */ = {isa = PBXFileReference; fileEncoding = 4; lastKnownFileType = sourcecode.swift; path = FTFontPickerView.swift; sourceTree = "<group>"; };
		D42A589723047DEA003C7283 /* FTFontPickerViewController.swift */ = {isa = PBXFileReference; fileEncoding = 4; lastKnownFileType = sourcecode.swift; path = FTFontPickerViewController.swift; sourceTree = "<group>"; };
		D42A589923047DEA003C7283 /* FTMobileCoreUIConstants.swift */ = {isa = PBXFileReference; fileEncoding = 4; lastKnownFileType = sourcecode.swift; path = FTMobileCoreUIConstants.swift; sourceTree = "<group>"; };
		D42A589B23047DEA003C7283 /* FTBaseScrollViewController.swift */ = {isa = PBXFileReference; fileEncoding = 4; lastKnownFileType = sourcecode.swift; path = FTBaseScrollViewController.swift; sourceTree = "<group>"; };
		D42A589C23047DEA003C7283 /* FTBaseViewController+Utility.swift */ = {isa = PBXFileReference; fileEncoding = 4; lastKnownFileType = sourcecode.swift; path = "FTBaseViewController+Utility.swift"; sourceTree = "<group>"; };
		D42A589D23047DEA003C7283 /* FTBaseCollectionViewController.swift */ = {isa = PBXFileReference; fileEncoding = 4; lastKnownFileType = sourcecode.swift; path = FTBaseCollectionViewController.swift; sourceTree = "<group>"; };
		D42A589F23047DEA003C7283 /* FTBaseViewController.swift */ = {isa = PBXFileReference; fileEncoding = 4; lastKnownFileType = sourcecode.swift; path = FTBaseViewController.swift; sourceTree = "<group>"; };
		D42A58A023047DEA003C7283 /* FTBaseTableViewController.swift */ = {isa = PBXFileReference; fileEncoding = 4; lastKnownFileType = sourcecode.swift; path = FTBaseTableViewController.swift; sourceTree = "<group>"; };
		D42A58A323047DEA003C7283 /* FTLoadingIndicator.swift */ = {isa = PBXFileReference; fileEncoding = 4; lastKnownFileType = sourcecode.swift; path = FTLoadingIndicator.swift; sourceTree = "<group>"; };
		D43D0C742305262B00C5C770 /* FTThemesTests.swift */ = {isa = PBXFileReference; fileEncoding = 4; lastKnownFileType = sourcecode.swift; path = FTThemesTests.swift; sourceTree = "<group>"; };
		D43D0C752305262B00C5C770 /* FTCoreUtilityTests.swift */ = {isa = PBXFileReference; fileEncoding = 4; lastKnownFileType = sourcecode.swift; path = FTCoreUtilityTests.swift; sourceTree = "<group>"; };
		D43D0C792305263300C5C770 /* FTMobileCoreTests.swift */ = {isa = PBXFileReference; fileEncoding = 4; lastKnownFileType = sourcecode.swift; path = FTMobileCoreTests.swift; sourceTree = "<group>"; };
		D43D0C7C2305263B00C5C770 /* FTStringUtilityTests.swift */ = {isa = PBXFileReference; fileEncoding = 4; lastKnownFileType = sourcecode.swift; path = FTStringUtilityTests.swift; sourceTree = "<group>"; };
		D43D0C7D2305263B00C5C770 /* FTConstrainsTests.swift */ = {isa = PBXFileReference; fileEncoding = 4; lastKnownFileType = sourcecode.swift; path = FTConstrainsTests.swift; sourceTree = "<group>"; };
		D45E3CF0230BF7F6005BD885 /* FTThemeProtocol.swift */ = {isa = PBXFileReference; lastKnownFileType = sourcecode.swift; path = FTThemeProtocol.swift; sourceTree = "<group>"; };
		D4869CFA23085F4900A7C19F /* FTUIElementsTests.swift */ = {isa = PBXFileReference; lastKnownFileType = sourcecode.swift; path = FTUIElementsTests.swift; sourceTree = "<group>"; };
		D4BD161E2306B38F005DF80D /* FTUIElementThemesTests.swift */ = {isa = PBXFileReference; lastKnownFileType = sourcecode.swift; path = FTUIElementThemesTests.swift; sourceTree = "<group>"; };
/* End PBXFileReference section */

/* Begin PBXFrameworksBuildPhase section */
		D42A57FF23047CEF003C7283 /* Frameworks */ = {
			isa = PBXFrameworksBuildPhase;
			buildActionMask = 2147483647;
			files = (
			);
			runOnlyForDeploymentPostprocessing = 0;
		};
		D42A580823047CEF003C7283 /* Frameworks */ = {
			isa = PBXFrameworksBuildPhase;
			buildActionMask = 2147483647;
			files = (
				D42A580C23047CEF003C7283 /* MobileCore.framework in Frameworks */,
			);
			runOnlyForDeploymentPostprocessing = 0;
		};
/* End PBXFrameworksBuildPhase section */

/* Begin PBXGroup section */
		D42A57F823047CEF003C7283 = {
			isa = PBXGroup;
			children = (
				D42A580423047CEF003C7283 /* MobileCore */,
				D42A580F23047CEF003C7283 /* MobileCoreTests */,
				D42A580323047CEF003C7283 /* Products */,
			);
			sourceTree = "<group>";
		};
		D42A580323047CEF003C7283 /* Products */ = {
			isa = PBXGroup;
			children = (
				D42A580223047CEF003C7283 /* MobileCore.framework */,
				D42A580B23047CEF003C7283 /* MobileCoreTests.xctest */,
			);
			name = Products;
			sourceTree = "<group>";
		};
		D42A580423047CEF003C7283 /* MobileCore */ = {
			isa = PBXGroup;
			children = (
				D42A581C23047DD5003C7283 /* FTCoreUtility */,
				D42A586A23047DE3003C7283 /* FTMobileCore */,
				D42A588323047DEA003C7283 /* FTMobileCoreUI */,
				D42A580523047CEF003C7283 /* MobileCore.h */,
				D42A580623047CEF003C7283 /* Info.plist */,
			);
			path = MobileCore;
			sourceTree = "<group>";
		};
		D42A580F23047CEF003C7283 /* MobileCoreTests */ = {
			isa = PBXGroup;
			children = (
				D43D0C782305263300C5C770 /* FTMobileCoreTests */,
				D43D0C732305262B00C5C770 /* FTCoreUtilityTests */,
				D43D0C7B2305263B00C5C770 /* FTMobileCoreUITests */,
				D42A581023047CEF003C7283 /* MobileCoreTests.swift */,
				D42A581223047CEF003C7283 /* Info.plist */,
			);
			path = MobileCoreTests;
			sourceTree = "<group>";
		};
		D42A581C23047DD5003C7283 /* FTCoreUtility */ = {
			isa = PBXGroup;
			children = (
				D42A581D23047DD6003C7283 /* Logger */,
				D42A581F23047DD6003C7283 /* Extensions */,
				D42A582423047DD6003C7283 /* AppBase */,
				D42A582723047DD6003C7283 /* Theme */,
				D42A583323047DD6003C7283 /* View */,
				D42A583823047DD6003C7283 /* Generic */,
				D42A584223047DD6003C7283 /* ClassReflection */,
				D42A584523047DD6003C7283 /* KeychainWrapper */,
			);
			name = FTCoreUtility;
			path = FTCoreUtility/FTCoreUtility;
			sourceTree = "<group>";
		};
		D42A581D23047DD6003C7283 /* Logger */ = {
			isa = PBXGroup;
			children = (
				D42A581E23047DD6003C7283 /* FTLogger.swift */,
			);
			path = Logger;
			sourceTree = "<group>";
		};
		D42A581F23047DD6003C7283 /* Extensions */ = {
			isa = PBXGroup;
			children = (
				D42A582023047DD6003C7283 /* FTString.swift */,
				D42A582123047DD6003C7283 /* FTData.swift */,
				D42A582223047DD6003C7283 /* FTLinkDetection.swift */,
				D42A582323047DD6003C7283 /* FTDictionary.swift */,
			);
			path = Extensions;
			sourceTree = "<group>";
		};
		D42A582423047DD6003C7283 /* AppBase */ = {
			isa = PBXGroup;
			children = (
				D42A582523047DD6003C7283 /* FTCoreUtility.swift */,
				D42A582623047DD6003C7283 /* FTAppDelegate.swift */,
			);
			path = AppBase;
			sourceTree = "<group>";
		};
		D42A582723047DD6003C7283 /* Theme */ = {
			isa = PBXGroup;
			children = (
				D45E3CF0230BF7F6005BD885 /* FTThemeProtocol.swift */,
				D42A582823047DD6003C7283 /* FTThemesManager.swift */,
				D42A582923047DD6003C7283 /* FTThemeView+Utility.swift */,
				D42A582A23047DD6003C7283 /* FTAppearanceManager.swift */,
				D42A582B23047DD6003C7283 /* ThemeComponents */,
			);
			path = Theme;
			sourceTree = "<group>";
		};
		D42A582B23047DD6003C7283 /* ThemeComponents */ = {
			isa = PBXGroup;
			children = (
				D42A582C23047DD6003C7283 /* FTUISearchBar.swift */,
				D42A582D23047DD6003C7283 /* FTUILabelThemeProtocol.swift */,
				D42A582F23047DD6003C7283 /* FTUIButton.swift */,
				D42A583023047DD6003C7283 /* FTUINavigationBar.swift */,
				D42A583223047DD6003C7283 /* FTUICollectionView.swift */,
			);
			path = ThemeComponents;
			sourceTree = "<group>";
		};
		D42A583323047DD6003C7283 /* View */ = {
			isa = PBXGroup;
			children = (
				D42A583423047DD6003C7283 /* FTViewConstrains.swift */,
				D42A583523047DD6003C7283 /* FTViewExtention.swift */,
				D42A583623047DD6003C7283 /* FTViewControllerExtension.swift */,
				D42A583723047DD6003C7283 /* FTView+Utiltiy.swift */,
			);
			path = View;
			sourceTree = "<group>";
		};
		D42A583823047DD6003C7283 /* Generic */ = {
			isa = PBXGroup;
			children = (
				D42A583923047DD6003C7283 /* FTAssociatedObject.swift */,
				D42A583A23047DD6003C7283 /* FTImageView.swift */,
				D42A583B23047DD6003C7283 /* FTSequence.swift */,
				D42A583C23047DD6003C7283 /* FTImage.swift */,
				D42A583D23047DD6003C7283 /* FTActionBlock.swift */,
				D42A583E23047DD6003C7283 /* FTURL.swift */,
				D42A583F23047DD6003C7283 /* FTRect.swift */,
				D42A584023047DD6003C7283 /* FTMath.swift */,
				D42A584123047DD6003C7283 /* FTColor.swift */,
			);
			path = Generic;
			sourceTree = "<group>";
		};
		D42A584223047DD6003C7283 /* ClassReflection */ = {
			isa = PBXGroup;
			children = (
				D42A584323047DD6003C7283 /* FTClass.swift */,
				D42A584423047DD6003C7283 /* FTReflection.swift */,
			);
			path = ClassReflection;
			sourceTree = "<group>";
		};
		D42A584523047DD6003C7283 /* KeychainWrapper */ = {
			isa = PBXGroup;
			children = (
				D42A584623047DD6003C7283 /* FTKeychainWrapper.swift */,
				D42A584723047DD6003C7283 /* FTKeychainItemAccessibility.swift */,
			);
			path = KeychainWrapper;
			sourceTree = "<group>";
		};
		D42A586A23047DE3003C7283 /* FTMobileCore */ = {
			isa = PBXGroup;
			children = (
				D42A586B23047DE3003C7283 /* Cache */,
				D42A586D23047DE3003C7283 /* CoreNetwork */,
				D42A587023047DE3003C7283 /* ModelObjects */,
				D42A587223047DE3003C7283 /* NetworkLayer */,
			);
			name = FTMobileCore;
			path = FTMobileCore/FTMobileCore;
			sourceTree = "<group>";
		};
		D42A586B23047DE3003C7283 /* Cache */ = {
			isa = PBXGroup;
			children = (
				D42A586C23047DE3003C7283 /* FTUserCache.swift */,
			);
			path = Cache;
			sourceTree = "<group>";
		};
		D42A586D23047DE3003C7283 /* CoreNetwork */ = {
			isa = PBXGroup;
			children = (
				D42A586E23047DE3003C7283 /* FTURLSession.swift */,
			);
			path = CoreNetwork;
			sourceTree = "<group>";
		};
		D42A587023047DE3003C7283 /* ModelObjects */ = {
			isa = PBXGroup;
			children = (
				D42A587123047DE3003C7283 /* FTModelCreator.swift */,
			);
			path = ModelObjects;
			sourceTree = "<group>";
		};
		D42A587223047DE3003C7283 /* NetworkLayer */ = {
			isa = PBXGroup;
			children = (
				D42A587323047DE3003C7283 /* FTServiceModel.swift */,
				D42A587423047DE3003C7283 /* FTMobileConfig.swift */,
				D42A587523047DE3003C7283 /* FTErrorModel.swift */,
				D42A587623047DE3003C7283 /* FTRequestObject.swift */,
				D42A587723047DE3003C7283 /* FTServiceClient.swift */,
			);
			path = NetworkLayer;
			sourceTree = "<group>";
		};
		D42A588323047DEA003C7283 /* FTMobileCoreUI */ = {
			isa = PBXGroup;
			children = (
				D42A588423047DEA003C7283 /* BaseComponents */,
				D42A58A223047DEA003C7283 /* LoadingIndicator */,
			);
			name = FTMobileCoreUI;
			path = FTMobileCoreUI/FTMobileCoreUI;
			sourceTree = "<group>";
		};
		D42A588423047DEA003C7283 /* BaseComponents */ = {
			isa = PBXGroup;
			children = (
				D42A588523047DEA003C7283 /* CoreComponents */,
				D42A588F23047DEA003C7283 /* CustomComponents */,
				D42A589423047DEA003C7283 /* FontPicker */,
				D42A589823047DEA003C7283 /* Utilites */,
				D42A589A23047DEA003C7283 /* Contollers */,
			);
			path = BaseComponents;
			sourceTree = "<group>";
		};
		D42A588523047DEA003C7283 /* CoreComponents */ = {
			isa = PBXGroup;
			children = (
				D42A588623047DEA003C7283 /* FTSegmentedControl.swift */,
				D42A588723047DEA003C7283 /* FTTableView.swift */,
				D42A588823047DEA003C7283 /* FTLabel.swift */,
				D42A588A23047DEA003C7283 /* FTWebView.swift */,
				D42A588B23047DEA003C7283 /* FTCollectionView.swift */,
				D42A588C23047DEA003C7283 /* FTScrollView.swift */,
				D42A588D23047DEA003C7283 /* FTSearchBar.swift */,
				D42A588E23047DEA003C7283 /* FTView.swift */,
			);
			path = CoreComponents;
			sourceTree = "<group>";
		};
		D42A588F23047DEA003C7283 /* CustomComponents */ = {
			isa = PBXGroup;
			children = (
				D42A589123047DEA003C7283 /* FTFloatingView.swift */,
				D42A589223047DEA003C7283 /* FTContentView.swift */,
				D42A589323047DEA003C7283 /* FTBaseView.swift */,
			);
			path = CustomComponents;
			sourceTree = "<group>";
		};
		D42A589423047DEA003C7283 /* FontPicker */ = {
			isa = PBXGroup;
			children = (
				D42A589523047DEA003C7283 /* FTFontPickerView.xib */,
				D42A589623047DEA003C7283 /* FTFontPickerView.swift */,
				D42A589723047DEA003C7283 /* FTFontPickerViewController.swift */,
			);
			path = FontPicker;
			sourceTree = "<group>";
		};
		D42A589823047DEA003C7283 /* Utilites */ = {
			isa = PBXGroup;
			children = (
				D42A589923047DEA003C7283 /* FTMobileCoreUIConstants.swift */,
			);
			path = Utilites;
			sourceTree = "<group>";
		};
		D42A589A23047DEA003C7283 /* Contollers */ = {
			isa = PBXGroup;
			children = (
				D42A589B23047DEA003C7283 /* FTBaseScrollViewController.swift */,
				D42A589C23047DEA003C7283 /* FTBaseViewController+Utility.swift */,
				D42A589D23047DEA003C7283 /* FTBaseCollectionViewController.swift */,
				D42A589F23047DEA003C7283 /* FTBaseViewController.swift */,
				D42A58A023047DEA003C7283 /* FTBaseTableViewController.swift */,
			);
			path = Contollers;
			sourceTree = "<group>";
		};
		D42A58A223047DEA003C7283 /* LoadingIndicator */ = {
			isa = PBXGroup;
			children = (
				D42A58A323047DEA003C7283 /* FTLoadingIndicator.swift */,
			);
			path = LoadingIndicator;
			sourceTree = "<group>";
		};
		D43D0C732305262B00C5C770 /* FTCoreUtilityTests */ = {
			isa = PBXGroup;
			children = (
				D43D0C742305262B00C5C770 /* FTThemesTests.swift */,
				D43D0C752305262B00C5C770 /* FTCoreUtilityTests.swift */,
			);
			name = FTCoreUtilityTests;
			path = MobileCore/FTCoreUtility/FTCoreUtilityTests;
			sourceTree = SOURCE_ROOT;
		};
		D43D0C782305263300C5C770 /* FTMobileCoreTests */ = {
			isa = PBXGroup;
			children = (
				D43D0C792305263300C5C770 /* FTMobileCoreTests.swift */,
			);
			name = FTMobileCoreTests;
			path = MobileCore/FTMobileCore/FTMobileCoreTests;
			sourceTree = SOURCE_ROOT;
		};
		D43D0C7B2305263B00C5C770 /* FTMobileCoreUITests */ = {
			isa = PBXGroup;
			children = (
				D43D0C7C2305263B00C5C770 /* FTStringUtilityTests.swift */,
				D43D0C7D2305263B00C5C770 /* FTConstrainsTests.swift */,
				D4BD161E2306B38F005DF80D /* FTUIElementThemesTests.swift */,
				D4869CFA23085F4900A7C19F /* FTUIElementsTests.swift */,
			);
			name = FTMobileCoreUITests;
			path = MobileCore/FTMobileCoreUI/FTMobileCoreUITests;
			sourceTree = SOURCE_ROOT;
		};
/* End PBXGroup section */

/* Begin PBXHeadersBuildPhase section */
		D42A57FD23047CEF003C7283 /* Headers */ = {
			isa = PBXHeadersBuildPhase;
			buildActionMask = 2147483647;
			files = (
				D42A581323047CEF003C7283 /* MobileCore.h in Headers */,
			);
			runOnlyForDeploymentPostprocessing = 0;
		};
/* End PBXHeadersBuildPhase section */

/* Begin PBXNativeTarget section */
		D42A580123047CEF003C7283 /* MobileCore */ = {
			isa = PBXNativeTarget;
			buildConfigurationList = D42A581623047CEF003C7283 /* Build configuration list for PBXNativeTarget "MobileCore" */;
			buildPhases = (
				D42A57FD23047CEF003C7283 /* Headers */,
				D42A57FE23047CEF003C7283 /* Sources */,
				D42A57FF23047CEF003C7283 /* Frameworks */,
				D42A580023047CEF003C7283 /* Resources */,
			);
			buildRules = (
			);
			dependencies = (
			);
			name = MobileCore;
			productName = MobileCore;
			productReference = D42A580223047CEF003C7283 /* MobileCore.framework */;
			productType = "com.apple.product-type.framework";
		};
		D42A580A23047CEF003C7283 /* MobileCoreTests */ = {
			isa = PBXNativeTarget;
			buildConfigurationList = D42A581923047CEF003C7283 /* Build configuration list for PBXNativeTarget "MobileCoreTests" */;
			buildPhases = (
				D42A580723047CEF003C7283 /* Sources */,
				D42A580823047CEF003C7283 /* Frameworks */,
				D42A580923047CEF003C7283 /* Resources */,
			);
			buildRules = (
			);
			dependencies = (
				D42A580E23047CEF003C7283 /* PBXTargetDependency */,
			);
			name = MobileCoreTests;
			productName = MobileCoreTests;
			productReference = D42A580B23047CEF003C7283 /* MobileCoreTests.xctest */;
			productType = "com.apple.product-type.bundle.unit-test";
		};
/* End PBXNativeTarget section */

/* Begin PBXProject section */
		D42A57F923047CEF003C7283 /* Project object */ = {
			isa = PBXProject;
			attributes = {
				LastSwiftUpdateCheck = 1030;
				LastUpgradeCheck = 1030;
				ORGANIZATIONNAME = "Praveen P";
				TargetAttributes = {
					D42A580123047CEF003C7283 = {
						CreatedOnToolsVersion = 10.3;
					};
					D42A580A23047CEF003C7283 = {
						CreatedOnToolsVersion = 10.3;
					};
				};
			};
			buildConfigurationList = D42A57FC23047CEF003C7283 /* Build configuration list for PBXProject "MobileCore" */;
			compatibilityVersion = "Xcode 9.3";
			developmentRegion = en;
			hasScannedForEncodings = 0;
			knownRegions = (
				en,
			);
			mainGroup = D42A57F823047CEF003C7283;
			productRefGroup = D42A580323047CEF003C7283 /* Products */;
			projectDirPath = "";
			projectRoot = "";
			targets = (
				D42A580123047CEF003C7283 /* MobileCore */,
				D42A580A23047CEF003C7283 /* MobileCoreTests */,
			);
		};
/* End PBXProject section */

/* Begin PBXResourcesBuildPhase section */
		D42A580023047CEF003C7283 /* Resources */ = {
			isa = PBXResourcesBuildPhase;
			buildActionMask = 2147483647;
			files = (
				D42A58B123047DEA003C7283 /* FTFontPickerView.xib in Resources */,
			);
			runOnlyForDeploymentPostprocessing = 0;
		};
		D42A580923047CEF003C7283 /* Resources */ = {
			isa = PBXResourcesBuildPhase;
			buildActionMask = 2147483647;
			files = (
			);
			runOnlyForDeploymentPostprocessing = 0;
		};
/* End PBXResourcesBuildPhase section */

/* Begin PBXSourcesBuildPhase section */
		D42A57FE23047CEF003C7283 /* Sources */ = {
			isa = PBXSourcesBuildPhase;
			buildActionMask = 2147483647;
			files = (
				D42A58A923047DEA003C7283 /* FTCollectionView.swift in Sources */,
				D42A58B323047DEA003C7283 /* FTFontPickerViewController.swift in Sources */,
				D42A58B723047DEA003C7283 /* FTBaseCollectionViewController.swift in Sources */,
				D42A584C23047DD6003C7283 /* FTDictionary.swift in Sources */,
				D42A58A823047DEA003C7283 /* FTWebView.swift in Sources */,
				D42A585A23047DD6003C7283 /* FTViewExtention.swift in Sources */,
				D42A588123047DE3003C7283 /* FTServiceClient.swift in Sources */,
				D42A58B923047DEA003C7283 /* FTBaseViewController.swift in Sources */,
				D42A58B623047DEA003C7283 /* FTBaseViewController+Utility.swift in Sources */,
				D42A586423047DD6003C7283 /* FTMath.swift in Sources */,
				D42A586923047DD6003C7283 /* FTKeychainItemAccessibility.swift in Sources */,
				D42A584E23047DD6003C7283 /* FTAppDelegate.swift in Sources */,
				D42A588023047DE3003C7283 /* FTRequestObject.swift in Sources */,
				D42A585D23047DD6003C7283 /* FTAssociatedObject.swift in Sources */,
				D42A587E23047DE3003C7283 /* FTMobileConfig.swift in Sources */,
				D42A58B523047DEA003C7283 /* FTBaseScrollViewController.swift in Sources */,
				D42A585823047DD6003C7283 /* FTUICollectionView.swift in Sources */,
				D42A585F23047DD6003C7283 /* FTSequence.swift in Sources */,
				D42A58AA23047DEA003C7283 /* FTScrollView.swift in Sources */,
				D42A585523047DD6003C7283 /* FTUIButton.swift in Sources */,
				D42A585623047DD6003C7283 /* FTUINavigationBar.swift in Sources */,
				D42A585923047DD6003C7283 /* FTViewConstrains.swift in Sources */,
				D42A585B23047DD6003C7283 /* FTViewControllerExtension.swift in Sources */,
				D42A586623047DD6003C7283 /* FTClass.swift in Sources */,
				D42A586223047DD6003C7283 /* FTURL.swift in Sources */,
				D42A584A23047DD6003C7283 /* FTData.swift in Sources */,
				D42A585123047DD6003C7283 /* FTAppearanceManager.swift in Sources */,
				D42A58AC23047DEA003C7283 /* FTView.swift in Sources */,
				D42A585323047DD6003C7283 /* FTUILabelThemeProtocol.swift in Sources */,
				D42A586323047DD6003C7283 /* FTRect.swift in Sources */,
				D42A587D23047DE3003C7283 /* FTServiceModel.swift in Sources */,
				D42A586723047DD6003C7283 /* FTReflection.swift in Sources */,
				D42A584F23047DD6003C7283 /* FTThemesManager.swift in Sources */,
				D42A584923047DD6003C7283 /* FTString.swift in Sources */,
				D42A58A523047DEA003C7283 /* FTTableView.swift in Sources */,
				D42A587A23047DE3003C7283 /* FTURLSession.swift in Sources */,
				D42A58BC23047DEA003C7283 /* FTLoadingIndicator.swift in Sources */,
				D42A58A623047DEA003C7283 /* FTLabel.swift in Sources */,
				D42A585023047DD6003C7283 /* FTThemeView+Utility.swift in Sources */,
				D42A58AE23047DEA003C7283 /* FTFloatingView.swift in Sources */,
				D42A586023047DD6003C7283 /* FTImage.swift in Sources */,
				D42A58BA23047DEA003C7283 /* FTBaseTableViewController.swift in Sources */,
				D42A584823047DD6003C7283 /* FTLogger.swift in Sources */,
				D42A586123047DD6003C7283 /* FTActionBlock.swift in Sources */,
				D42A58B423047DEA003C7283 /* FTMobileCoreUIConstants.swift in Sources */,
				D42A584B23047DD6003C7283 /* FTLinkDetection.swift in Sources */,
				D42A586523047DD6003C7283 /* FTColor.swift in Sources */,
				D42A58AB23047DEA003C7283 /* FTSearchBar.swift in Sources */,
				D42A585223047DD6003C7283 /* FTUISearchBar.swift in Sources */,
				D42A584D23047DD6003C7283 /* FTCoreUtility.swift in Sources */,
				D42A586823047DD6003C7283 /* FTKeychainWrapper.swift in Sources */,
				D42A587F23047DE3003C7283 /* FTErrorModel.swift in Sources */,
				D42A587923047DE3003C7283 /* FTUserCache.swift in Sources */,
				D42A58A423047DEA003C7283 /* FTSegmentedControl.swift in Sources */,
				D42A587C23047DE3003C7283 /* FTModelCreator.swift in Sources */,
				D45E3CF1230BF7F6005BD885 /* FTThemeProtocol.swift in Sources */,
				D42A58B023047DEA003C7283 /* FTBaseView.swift in Sources */,
				D42A58B223047DEA003C7283 /* FTFontPickerView.swift in Sources */,
				D42A585C23047DD6003C7283 /* FTView+Utiltiy.swift in Sources */,
				D42A58AF23047DEA003C7283 /* FTContentView.swift in Sources */,
				D42A585E23047DD6003C7283 /* FTImageView.swift in Sources */,
			);
			runOnlyForDeploymentPostprocessing = 0;
		};
		D42A580723047CEF003C7283 /* Sources */ = {
			isa = PBXSourcesBuildPhase;
			buildActionMask = 2147483647;
			files = (
				D43D0C7A2305263300C5C770 /* FTMobileCoreTests.swift in Sources */,
				D43D0C7E2305263B00C5C770 /* FTStringUtilityTests.swift in Sources */,
				D4869CFB23085F4900A7C19F /* FTUIElementsTests.swift in Sources */,
				D42A581123047CEF003C7283 /* MobileCoreTests.swift in Sources */,
				D43D0C7F2305263B00C5C770 /* FTConstrainsTests.swift in Sources */,
				D43D0C762305262B00C5C770 /* FTThemesTests.swift in Sources */,
				D4BD161F2306B38F005DF80D /* FTUIElementThemesTests.swift in Sources */,
				D43D0C772305262B00C5C770 /* FTCoreUtilityTests.swift in Sources */,
			);
			runOnlyForDeploymentPostprocessing = 0;
		};
/* End PBXSourcesBuildPhase section */

/* Begin PBXTargetDependency section */
		D42A580E23047CEF003C7283 /* PBXTargetDependency */ = {
			isa = PBXTargetDependency;
			target = D42A580123047CEF003C7283 /* MobileCore */;
			targetProxy = D42A580D23047CEF003C7283 /* PBXContainerItemProxy */;
		};
/* End PBXTargetDependency section */

/* Begin XCBuildConfiguration section */
		D42A581423047CEF003C7283 /* Debug */ = {
			isa = XCBuildConfiguration;
			buildSettings = {
				ALWAYS_SEARCH_USER_PATHS = NO;
				CLANG_ANALYZER_NONNULL = YES;
				CLANG_ANALYZER_NUMBER_OBJECT_CONVERSION = YES_AGGRESSIVE;
				CLANG_CXX_LANGUAGE_STANDARD = "gnu++14";
				CLANG_CXX_LIBRARY = "libc++";
				CLANG_ENABLE_MODULES = YES;
				CLANG_ENABLE_OBJC_ARC = YES;
				CLANG_ENABLE_OBJC_WEAK = YES;
				CLANG_WARN_BLOCK_CAPTURE_AUTORELEASING = YES;
				CLANG_WARN_BOOL_CONVERSION = YES;
				CLANG_WARN_COMMA = YES;
				CLANG_WARN_CONSTANT_CONVERSION = YES;
				CLANG_WARN_DEPRECATED_OBJC_IMPLEMENTATIONS = YES;
				CLANG_WARN_DIRECT_OBJC_ISA_USAGE = YES_ERROR;
				CLANG_WARN_DOCUMENTATION_COMMENTS = YES;
				CLANG_WARN_EMPTY_BODY = YES;
				CLANG_WARN_ENUM_CONVERSION = YES;
				CLANG_WARN_INFINITE_RECURSION = YES;
				CLANG_WARN_INT_CONVERSION = YES;
				CLANG_WARN_NON_LITERAL_NULL_CONVERSION = YES;
				CLANG_WARN_OBJC_IMPLICIT_RETAIN_SELF = YES;
				CLANG_WARN_OBJC_LITERAL_CONVERSION = YES;
				CLANG_WARN_OBJC_ROOT_CLASS = YES_ERROR;
				CLANG_WARN_RANGE_LOOP_ANALYSIS = YES;
				CLANG_WARN_STRICT_PROTOTYPES = YES;
				CLANG_WARN_SUSPICIOUS_MOVE = YES;
				CLANG_WARN_UNGUARDED_AVAILABILITY = YES_AGGRESSIVE;
				CLANG_WARN_UNREACHABLE_CODE = YES;
				CLANG_WARN__DUPLICATE_METHOD_MATCH = YES;
				CODE_SIGN_IDENTITY = "iPhone Developer";
				COPY_PHASE_STRIP = NO;
				CURRENT_PROJECT_VERSION = 1;
				DEBUG_INFORMATION_FORMAT = dwarf;
				ENABLE_STRICT_OBJC_MSGSEND = YES;
				ENABLE_TESTABILITY = YES;
				GCC_C_LANGUAGE_STANDARD = gnu11;
				GCC_DYNAMIC_NO_PIC = NO;
				GCC_NO_COMMON_BLOCKS = YES;
				GCC_OPTIMIZATION_LEVEL = 0;
				GCC_PREPROCESSOR_DEFINITIONS = (
					"DEBUG=1",
					"$(inherited)",
				);
				GCC_WARN_64_TO_32_BIT_CONVERSION = YES;
				GCC_WARN_ABOUT_RETURN_TYPE = YES_ERROR;
				GCC_WARN_UNDECLARED_SELECTOR = YES;
				GCC_WARN_UNINITIALIZED_AUTOS = YES_AGGRESSIVE;
				GCC_WARN_UNUSED_FUNCTION = YES;
				GCC_WARN_UNUSED_VARIABLE = YES;
				IPHONEOS_DEPLOYMENT_TARGET = 9.0;
				MTL_ENABLE_DEBUG_INFO = INCLUDE_SOURCE;
				MTL_FAST_MATH = YES;
				ONLY_ACTIVE_ARCH = YES;
				SDKROOT = iphoneos;
				SWIFT_ACTIVE_COMPILATION_CONDITIONS = DEBUG;
				SWIFT_OPTIMIZATION_LEVEL = "-Onone";
				VERSIONING_SYSTEM = "apple-generic";
				VERSION_INFO_PREFIX = "";
			};
			name = Debug;
		};
		D42A581523047CEF003C7283 /* Release */ = {
			isa = XCBuildConfiguration;
			buildSettings = {
				ALWAYS_SEARCH_USER_PATHS = NO;
				CLANG_ANALYZER_NONNULL = YES;
				CLANG_ANALYZER_NUMBER_OBJECT_CONVERSION = YES_AGGRESSIVE;
				CLANG_CXX_LANGUAGE_STANDARD = "gnu++14";
				CLANG_CXX_LIBRARY = "libc++";
				CLANG_ENABLE_MODULES = YES;
				CLANG_ENABLE_OBJC_ARC = YES;
				CLANG_ENABLE_OBJC_WEAK = YES;
				CLANG_WARN_BLOCK_CAPTURE_AUTORELEASING = YES;
				CLANG_WARN_BOOL_CONVERSION = YES;
				CLANG_WARN_COMMA = YES;
				CLANG_WARN_CONSTANT_CONVERSION = YES;
				CLANG_WARN_DEPRECATED_OBJC_IMPLEMENTATIONS = YES;
				CLANG_WARN_DIRECT_OBJC_ISA_USAGE = YES_ERROR;
				CLANG_WARN_DOCUMENTATION_COMMENTS = YES;
				CLANG_WARN_EMPTY_BODY = YES;
				CLANG_WARN_ENUM_CONVERSION = YES;
				CLANG_WARN_INFINITE_RECURSION = YES;
				CLANG_WARN_INT_CONVERSION = YES;
				CLANG_WARN_NON_LITERAL_NULL_CONVERSION = YES;
				CLANG_WARN_OBJC_IMPLICIT_RETAIN_SELF = YES;
				CLANG_WARN_OBJC_LITERAL_CONVERSION = YES;
				CLANG_WARN_OBJC_ROOT_CLASS = YES_ERROR;
				CLANG_WARN_RANGE_LOOP_ANALYSIS = YES;
				CLANG_WARN_STRICT_PROTOTYPES = YES;
				CLANG_WARN_SUSPICIOUS_MOVE = YES;
				CLANG_WARN_UNGUARDED_AVAILABILITY = YES_AGGRESSIVE;
				CLANG_WARN_UNREACHABLE_CODE = YES;
				CLANG_WARN__DUPLICATE_METHOD_MATCH = YES;
				CODE_SIGN_IDENTITY = "iPhone Developer";
				COPY_PHASE_STRIP = NO;
				CURRENT_PROJECT_VERSION = 1;
				DEBUG_INFORMATION_FORMAT = "dwarf-with-dsym";
				ENABLE_NS_ASSERTIONS = NO;
				ENABLE_STRICT_OBJC_MSGSEND = YES;
				GCC_C_LANGUAGE_STANDARD = gnu11;
				GCC_NO_COMMON_BLOCKS = YES;
				GCC_WARN_64_TO_32_BIT_CONVERSION = YES;
				GCC_WARN_ABOUT_RETURN_TYPE = YES_ERROR;
				GCC_WARN_UNDECLARED_SELECTOR = YES;
				GCC_WARN_UNINITIALIZED_AUTOS = YES_AGGRESSIVE;
				GCC_WARN_UNUSED_FUNCTION = YES;
				GCC_WARN_UNUSED_VARIABLE = YES;
				IPHONEOS_DEPLOYMENT_TARGET = 9.0;
				MTL_ENABLE_DEBUG_INFO = NO;
				MTL_FAST_MATH = YES;
				SDKROOT = iphoneos;
				SWIFT_COMPILATION_MODE = wholemodule;
				SWIFT_OPTIMIZATION_LEVEL = "-O";
				VALIDATE_PRODUCT = YES;
				VERSIONING_SYSTEM = "apple-generic";
				VERSION_INFO_PREFIX = "";
			};
			name = Release;
		};
		D42A581723047CEF003C7283 /* Debug */ = {
			isa = XCBuildConfiguration;
			buildSettings = {
				CODE_SIGN_IDENTITY = "";
				CODE_SIGN_STYLE = Automatic;
				DEFINES_MODULE = YES;
				DYLIB_COMPATIBILITY_VERSION = 1;
				DYLIB_CURRENT_VERSION = 1;
				DYLIB_INSTALL_NAME_BASE = "@rpath";
				INFOPLIST_FILE = MobileCore/Info.plist;
				INSTALL_PATH = "$(LOCAL_LIBRARY_DIR)/Frameworks";
				IPHONEOS_DEPLOYMENT_TARGET = 9.0;
				LD_RUNPATH_SEARCH_PATHS = (
					"$(inherited)",
					"@executable_path/Frameworks",
					"@loader_path/Frameworks",
				);
				PRODUCT_BUNDLE_IDENTIFIER = com.ft.MobileCore;
				PRODUCT_NAME = "$(TARGET_NAME:c99extidentifier)";
				SKIP_INSTALL = NO;
				SWIFT_VERSION = 5.0;
				TARGETED_DEVICE_FAMILY = "1,2";
			};
			name = Debug;
		};
		D42A581823047CEF003C7283 /* Release */ = {
			isa = XCBuildConfiguration;
			buildSettings = {
				CODE_SIGN_IDENTITY = "";
				CODE_SIGN_STYLE = Automatic;
				DEFINES_MODULE = YES;
				DYLIB_COMPATIBILITY_VERSION = 1;
				DYLIB_CURRENT_VERSION = 1;
				DYLIB_INSTALL_NAME_BASE = "@rpath";
				INFOPLIST_FILE = MobileCore/Info.plist;
				INSTALL_PATH = "$(LOCAL_LIBRARY_DIR)/Frameworks";
				IPHONEOS_DEPLOYMENT_TARGET = 9.0;
				LD_RUNPATH_SEARCH_PATHS = (
					"$(inherited)",
					"@executable_path/Frameworks",
					"@loader_path/Frameworks",
				);
				PRODUCT_BUNDLE_IDENTIFIER = com.ft.MobileCore;
				PRODUCT_NAME = "$(TARGET_NAME:c99extidentifier)";
				SKIP_INSTALL = NO;
				SWIFT_VERSION = 5.0;
				TARGETED_DEVICE_FAMILY = "1,2";
			};
			name = Release;
		};
		D42A581A23047CEF003C7283 /* Debug */ = {
			isa = XCBuildConfiguration;
			buildSettings = {
				ALWAYS_EMBED_SWIFT_STANDARD_LIBRARIES = YES;
				CODE_SIGN_STYLE = Automatic;
				INFOPLIST_FILE = MobileCoreTests/Info.plist;
				LD_RUNPATH_SEARCH_PATHS = (
					"$(inherited)",
					"@executable_path/Frameworks",
					"@loader_path/Frameworks",
				);
				PRODUCT_BUNDLE_IDENTIFIER = com.ft.MobileCoreTests;
				PRODUCT_NAME = "$(TARGET_NAME)";
				SKIP_INSTALL = NO;
				SWIFT_VERSION = 5.0;
				TARGETED_DEVICE_FAMILY = "1,2";
			};
			name = Debug;
		};
		D42A581B23047CEF003C7283 /* Release */ = {
			isa = XCBuildConfiguration;
			buildSettings = {
				ALWAYS_EMBED_SWIFT_STANDARD_LIBRARIES = YES;
				CODE_SIGN_STYLE = Automatic;
				INFOPLIST_FILE = MobileCoreTests/Info.plist;
				LD_RUNPATH_SEARCH_PATHS = (
					"$(inherited)",
					"@executable_path/Frameworks",
					"@loader_path/Frameworks",
				);
				PRODUCT_BUNDLE_IDENTIFIER = com.ft.MobileCoreTests;
				PRODUCT_NAME = "$(TARGET_NAME)";
				SKIP_INSTALL = NO;
				SWIFT_VERSION = 5.0;
				TARGETED_DEVICE_FAMILY = "1,2";
			};
			name = Release;
		};
/* End XCBuildConfiguration section */

/* Begin XCConfigurationList section */
		D42A57FC23047CEF003C7283 /* Build configuration list for PBXProject "MobileCore" */ = {
			isa = XCConfigurationList;
			buildConfigurations = (
				D42A581423047CEF003C7283 /* Debug */,
				D42A581523047CEF003C7283 /* Release */,
			);
			defaultConfigurationIsVisible = 0;
			defaultConfigurationName = Release;
		};
		D42A581623047CEF003C7283 /* Build configuration list for PBXNativeTarget "MobileCore" */ = {
			isa = XCConfigurationList;
			buildConfigurations = (
				D42A581723047CEF003C7283 /* Debug */,
				D42A581823047CEF003C7283 /* Release */,
			);
			defaultConfigurationIsVisible = 0;
			defaultConfigurationName = Release;
		};
		D42A581923047CEF003C7283 /* Build configuration list for PBXNativeTarget "MobileCoreTests" */ = {
			isa = XCConfigurationList;
			buildConfigurations = (
				D42A581A23047CEF003C7283 /* Debug */,
				D42A581B23047CEF003C7283 /* Release */,
			);
			defaultConfigurationIsVisible = 0;
			defaultConfigurationName = Release;
		};
/* End XCConfigurationList section */
	};
	rootObject = D42A57F923047CEF003C7283 /* Project object */;
}
